
Microsoft Visual Studio Solution File, Format Version 12.00
# Visual Studio Express 2013 for Windows Desktop
VisualStudioVersion = 12.0.30723.0
MinimumVisualStudioVersion = 10.0.40219.1
Project("{8BC9CEB8-8B4A-11D0-8D11-00A0C91BC942}") = "punk_string", "punk_string\punk_string.vcxproj", "{40098EBC-4ABC-43C5-87F1-2EF1D96757F8}"
	ProjectSection(ProjectDependencies) = postProject
		{72AC92BB-3AD1-4F4D-8DEC-F17080124623} = {72AC92BB-3AD1-4F4D-8DEC-F17080124623}
	EndProjectSection
EndProject
Project("{8BC9CEB8-8B4A-11D0-8D11-00A0C91BC942}") = "punk_error", "punk_error\punk_error.vcxproj", "{72AC92BB-3AD1-4F4D-8DEC-F17080124623}"
EndProject
Project("{8BC9CEB8-8B4A-11D0-8D11-00A0C91BC942}") = "punk_core", "punk_core\punk_core.vcxproj", "{31B26C70-E2E1-4259-B63D-618D876C87D3}"
	ProjectSection(ProjectDependencies) = postProject
		{72AC92BB-3AD1-4F4D-8DEC-F17080124623} = {72AC92BB-3AD1-4F4D-8DEC-F17080124623}
		{40098EBC-4ABC-43C5-87F1-2EF1D96757F8} = {40098EBC-4ABC-43C5-87F1-2EF1D96757F8}
	EndProjectSection
EndProject
Project("{8BC9CEB8-8B4A-11D0-8D11-00A0C91BC942}") = "punk_math", "punk_math\punk_math.vcxproj", "{F5AF39CD-DC09-4CE5-95D9-2A9E37269DED}"
	ProjectSection(ProjectDependencies) = postProject
		{E8655136-53BE-4087-87ED-DBFFE7B7973B} = {E8655136-53BE-4087-87ED-DBFFE7B7973B}
		{31B26C70-E2E1-4259-B63D-618D876C87D3} = {31B26C70-E2E1-4259-B63D-618D876C87D3}
		{72AC92BB-3AD1-4F4D-8DEC-F17080124623} = {72AC92BB-3AD1-4F4D-8DEC-F17080124623}
		{40098EBC-4ABC-43C5-87F1-2EF1D96757F8} = {40098EBC-4ABC-43C5-87F1-2EF1D96757F8}
	EndProjectSection
EndProject
Project("{8BC9CEB8-8B4A-11D0-8D11-00A0C91BC942}") = "punk_system", "punk_system\punk_system.vcxproj", "{E8655136-53BE-4087-87ED-DBFFE7B7973B}"
	ProjectSection(ProjectDependencies) = postProject
		{31B26C70-E2E1-4259-B63D-618D876C87D3} = {31B26C70-E2E1-4259-B63D-618D876C87D3}
		{72AC92BB-3AD1-4F4D-8DEC-F17080124623} = {72AC92BB-3AD1-4F4D-8DEC-F17080124623}
		{40098EBC-4ABC-43C5-87F1-2EF1D96757F8} = {40098EBC-4ABC-43C5-87F1-2EF1D96757F8}
	EndProjectSection
EndProject
Project("{8BC9CEB8-8B4A-11D0-8D11-00A0C91BC942}") = "punk_image", "punk_image\punk_image.vcxproj", "{8D89919D-F845-4E4D-83EB-72337C94B651}"
	ProjectSection(ProjectDependencies) = postProject
		{E8655136-53BE-4087-87ED-DBFFE7B7973B} = {E8655136-53BE-4087-87ED-DBFFE7B7973B}
		{31B26C70-E2E1-4259-B63D-618D876C87D3} = {31B26C70-E2E1-4259-B63D-618D876C87D3}
		{72AC92BB-3AD1-4F4D-8DEC-F17080124623} = {72AC92BB-3AD1-4F4D-8DEC-F17080124623}
		{40098EBC-4ABC-43C5-87F1-2EF1D96757F8} = {40098EBC-4ABC-43C5-87F1-2EF1D96757F8}
		{F5AF39CD-DC09-4CE5-95D9-2A9E37269DED} = {F5AF39CD-DC09-4CE5-95D9-2A9E37269DED}
	EndProjectSection
EndProject
Project("{8BC9CEB8-8B4A-11D0-8D11-00A0C91BC942}") = "punk_font", "punk_font\punk_font.vcxproj", "{6359DCE2-9826-47B1-8C26-E66B2B03CAA3}"
	ProjectSection(ProjectDependencies) = postProject
		{E8655136-53BE-4087-87ED-DBFFE7B7973B} = {E8655136-53BE-4087-87ED-DBFFE7B7973B}
		{31B26C70-E2E1-4259-B63D-618D876C87D3} = {31B26C70-E2E1-4259-B63D-618D876C87D3}
		{72AC92BB-3AD1-4F4D-8DEC-F17080124623} = {72AC92BB-3AD1-4F4D-8DEC-F17080124623}
		{40098EBC-4ABC-43C5-87F1-2EF1D96757F8} = {40098EBC-4ABC-43C5-87F1-2EF1D96757F8}
		{F5AF39CD-DC09-4CE5-95D9-2A9E37269DED} = {F5AF39CD-DC09-4CE5-95D9-2A9E37269DED}
	EndProjectSection
EndProject
Project("{8BC9CEB8-8B4A-11D0-8D11-00A0C91BC942}") = "punk_graphics", "punk_graphics\punk_graphics.vcxproj", "{D0DE068F-3BF2-4B86-8EA8-5B4D66498C48}"
	ProjectSection(ProjectDependencies) = postProject
		{E8655136-53BE-4087-87ED-DBFFE7B7973B} = {E8655136-53BE-4087-87ED-DBFFE7B7973B}
		{31B26C70-E2E1-4259-B63D-618D876C87D3} = {31B26C70-E2E1-4259-B63D-618D876C87D3}
		{8D89919D-F845-4E4D-83EB-72337C94B651} = {8D89919D-F845-4E4D-83EB-72337C94B651}
		{72AC92BB-3AD1-4F4D-8DEC-F17080124623} = {72AC92BB-3AD1-4F4D-8DEC-F17080124623}
		{40098EBC-4ABC-43C5-87F1-2EF1D96757F8} = {40098EBC-4ABC-43C5-87F1-2EF1D96757F8}
		{F5AF39CD-DC09-4CE5-95D9-2A9E37269DED} = {F5AF39CD-DC09-4CE5-95D9-2A9E37269DED}
		{6359DCE2-9826-47B1-8C26-E66B2B03CAA3} = {6359DCE2-9826-47B1-8C26-E66B2B03CAA3}
	EndProjectSection
EndProject
Project("{8BC9CEB8-8B4A-11D0-8D11-00A0C91BC942}") = "punk_attributes", "punk_attributes\punk_attributes.vcxproj", "{52E7ECA7-7D60-44CE-A018-3BB923D44F1C}"
	ProjectSection(ProjectDependencies) = postProject
		{E8655136-53BE-4087-87ED-DBFFE7B7973B} = {E8655136-53BE-4087-87ED-DBFFE7B7973B}
		{31B26C70-E2E1-4259-B63D-618D876C87D3} = {31B26C70-E2E1-4259-B63D-618D876C87D3}
		{D0DE068F-3BF2-4B86-8EA8-5B4D66498C48} = {D0DE068F-3BF2-4B86-8EA8-5B4D66498C48}
		{8D89919D-F845-4E4D-83EB-72337C94B651} = {8D89919D-F845-4E4D-83EB-72337C94B651}
		{72AC92BB-3AD1-4F4D-8DEC-F17080124623} = {72AC92BB-3AD1-4F4D-8DEC-F17080124623}
		{40098EBC-4ABC-43C5-87F1-2EF1D96757F8} = {40098EBC-4ABC-43C5-87F1-2EF1D96757F8}
		{F5AF39CD-DC09-4CE5-95D9-2A9E37269DED} = {F5AF39CD-DC09-4CE5-95D9-2A9E37269DED}
	EndProjectSection
EndProject
Project("{8BC9CEB8-8B4A-11D0-8D11-00A0C91BC942}") = "punk_scene", "punk_scene\punk_scene.vcxproj", "{176DBBB3-1F40-4505-94E2-5D7DA48AB549}"
	ProjectSection(ProjectDependencies) = postProject
		{E8655136-53BE-4087-87ED-DBFFE7B7973B} = {E8655136-53BE-4087-87ED-DBFFE7B7973B}
		{31B26C70-E2E1-4259-B63D-618D876C87D3} = {31B26C70-E2E1-4259-B63D-618D876C87D3}
		{D0DE068F-3BF2-4B86-8EA8-5B4D66498C48} = {D0DE068F-3BF2-4B86-8EA8-5B4D66498C48}
		{8D89919D-F845-4E4D-83EB-72337C94B651} = {8D89919D-F845-4E4D-83EB-72337C94B651}
		{72AC92BB-3AD1-4F4D-8DEC-F17080124623} = {72AC92BB-3AD1-4F4D-8DEC-F17080124623}
		{40098EBC-4ABC-43C5-87F1-2EF1D96757F8} = {40098EBC-4ABC-43C5-87F1-2EF1D96757F8}
		{F5AF39CD-DC09-4CE5-95D9-2A9E37269DED} = {F5AF39CD-DC09-4CE5-95D9-2A9E37269DED}
		{6359DCE2-9826-47B1-8C26-E66B2B03CAA3} = {6359DCE2-9826-47B1-8C26-E66B2B03CAA3}
	EndProjectSection
EndProject
Project("{8BC9CEB8-8B4A-11D0-8D11-00A0C91BC942}") = "punk_loader", "punk_loader\punk_loader.vcxproj", "{947160F0-4EC0-498B-90F3-92B6B0126B6F}"
	ProjectSection(ProjectDependencies) = postProject
		{E8655136-53BE-4087-87ED-DBFFE7B7973B} = {E8655136-53BE-4087-87ED-DBFFE7B7973B}
		{31B26C70-E2E1-4259-B63D-618D876C87D3} = {31B26C70-E2E1-4259-B63D-618D876C87D3}
		{D0DE068F-3BF2-4B86-8EA8-5B4D66498C48} = {D0DE068F-3BF2-4B86-8EA8-5B4D66498C48}
		{8D89919D-F845-4E4D-83EB-72337C94B651} = {8D89919D-F845-4E4D-83EB-72337C94B651}
		{52E7ECA7-7D60-44CE-A018-3BB923D44F1C} = {52E7ECA7-7D60-44CE-A018-3BB923D44F1C}
		{DA5846AA-D46E-4A01-9793-6E07537BF067} = {DA5846AA-D46E-4A01-9793-6E07537BF067}
		{176DBBB3-1F40-4505-94E2-5D7DA48AB549} = {176DBBB3-1F40-4505-94E2-5D7DA48AB549}
		{72AC92BB-3AD1-4F4D-8DEC-F17080124623} = {72AC92BB-3AD1-4F4D-8DEC-F17080124623}
		{40098EBC-4ABC-43C5-87F1-2EF1D96757F8} = {40098EBC-4ABC-43C5-87F1-2EF1D96757F8}
		{F5AF39CD-DC09-4CE5-95D9-2A9E37269DED} = {F5AF39CD-DC09-4CE5-95D9-2A9E37269DED}
		{6359DCE2-9826-47B1-8C26-E66B2B03CAA3} = {6359DCE2-9826-47B1-8C26-E66B2B03CAA3}
	EndProjectSection
EndProject
Project("{8BC9CEB8-8B4A-11D0-8D11-00A0C91BC942}") = "punk_ai", "punk_ai\punk_ai.vcxproj", "{DA5846AA-D46E-4A01-9793-6E07537BF067}"
	ProjectSection(ProjectDependencies) = postProject
		{E8655136-53BE-4087-87ED-DBFFE7B7973B} = {E8655136-53BE-4087-87ED-DBFFE7B7973B}
		{31B26C70-E2E1-4259-B63D-618D876C87D3} = {31B26C70-E2E1-4259-B63D-618D876C87D3}
		{72AC92BB-3AD1-4F4D-8DEC-F17080124623} = {72AC92BB-3AD1-4F4D-8DEC-F17080124623}
		{F5AF39CD-DC09-4CE5-95D9-2A9E37269DED} = {F5AF39CD-DC09-4CE5-95D9-2A9E37269DED}
	EndProjectSection
EndProject
Project("{2150E333-8FDC-42A3-9474-1A3956D46DE8}") = "samples", "samples", "{B231F1FA-A232-4091-A3CC-6369714FDBB9}"
EndProject
Project("{8BC9CEB8-8B4A-11D0-8D11-00A0C91BC942}") = "punk_first_polygon", "punk_first_polygon\punk_first_polygon.vcxproj", "{37BD988E-947A-4FFE-B6D1-286D2D43FCEA}"
EndProject
Project("{8BC9CEB8-8B4A-11D0-8D11-00A0C91BC942}") = "punk_loader_sample", "punk_loader_sample\punk_loader_sample.vcxproj", "{02EAAEAC-D290-43EB-8352-6C398B6BFCF8}"
	ProjectSection(ProjectDependencies) = postProject
		{E8655136-53BE-4087-87ED-DBFFE7B7973B} = {E8655136-53BE-4087-87ED-DBFFE7B7973B}
		{31B26C70-E2E1-4259-B63D-618D876C87D3} = {31B26C70-E2E1-4259-B63D-618D876C87D3}
		{72AC92BB-3AD1-4F4D-8DEC-F17080124623} = {72AC92BB-3AD1-4F4D-8DEC-F17080124623}
		{40098EBC-4ABC-43C5-87F1-2EF1D96757F8} = {40098EBC-4ABC-43C5-87F1-2EF1D96757F8}
		{F5AF39CD-DC09-4CE5-95D9-2A9E37269DED} = {F5AF39CD-DC09-4CE5-95D9-2A9E37269DED}
	EndProjectSection
EndProject
Project("{888888A0-9F3D-457C-B088-3A5042F75D52}") = "punk_exporter", "punk_exporter\punk_exporter.pyproj", "{5E0D3A2D-7807-49EC-84FC-F90930FBF3EA}"
EndProject
Project("{8BC9CEB8-8B4A-11D0-8D11-00A0C91BC942}") = "punk_render", "punk_render\punk_render.vcxproj", "{C8800A26-C1A7-4A59-A34E-5CA429F5E32A}"
	ProjectSection(ProjectDependencies) = postProject
		{E8655136-53BE-4087-87ED-DBFFE7B7973B} = {E8655136-53BE-4087-87ED-DBFFE7B7973B}
		{31B26C70-E2E1-4259-B63D-618D876C87D3} = {31B26C70-E2E1-4259-B63D-618D876C87D3}
		{D0DE068F-3BF2-4B86-8EA8-5B4D66498C48} = {D0DE068F-3BF2-4B86-8EA8-5B4D66498C48}
		{8D89919D-F845-4E4D-83EB-72337C94B651} = {8D89919D-F845-4E4D-83EB-72337C94B651}
		{52E7ECA7-7D60-44CE-A018-3BB923D44F1C} = {52E7ECA7-7D60-44CE-A018-3BB923D44F1C}
		{DA5846AA-D46E-4A01-9793-6E07537BF067} = {DA5846AA-D46E-4A01-9793-6E07537BF067}
		{176DBBB3-1F40-4505-94E2-5D7DA48AB549} = {176DBBB3-1F40-4505-94E2-5D7DA48AB549}
		{72AC92BB-3AD1-4F4D-8DEC-F17080124623} = {72AC92BB-3AD1-4F4D-8DEC-F17080124623}
		{40098EBC-4ABC-43C5-87F1-2EF1D96757F8} = {40098EBC-4ABC-43C5-87F1-2EF1D96757F8}
		{F5AF39CD-DC09-4CE5-95D9-2A9E37269DED} = {F5AF39CD-DC09-4CE5-95D9-2A9E37269DED}
		{6359DCE2-9826-47B1-8C26-E66B2B03CAA3} = {6359DCE2-9826-47B1-8C26-E66B2B03CAA3}
	EndProjectSection
EndProject
Project("{2150E333-8FDC-42A3-9474-1A3956D46DE8}") = "games", "games", "{DA872335-B730-42DC-824B-07411BFCE42D}"
EndProject
Project("{8BC9CEB8-8B4A-11D0-8D11-00A0C91BC942}") = "vieža", "vieža\vieža.vcxproj", "{CADF8F10-3C59-4292-AD0A-65E4CB3DF291}"
	ProjectSection(ProjectDependencies) = postProject
		{C8800A26-C1A7-4A59-A34E-5CA429F5E32A} = {C8800A26-C1A7-4A59-A34E-5CA429F5E32A}
		{E8655136-53BE-4087-87ED-DBFFE7B7973B} = {E8655136-53BE-4087-87ED-DBFFE7B7973B}
		{31B26C70-E2E1-4259-B63D-618D876C87D3} = {31B26C70-E2E1-4259-B63D-618D876C87D3}
		{D0DE068F-3BF2-4B86-8EA8-5B4D66498C48} = {D0DE068F-3BF2-4B86-8EA8-5B4D66498C48}
		{8D89919D-F845-4E4D-83EB-72337C94B651} = {8D89919D-F845-4E4D-83EB-72337C94B651}
		{52E7ECA7-7D60-44CE-A018-3BB923D44F1C} = {52E7ECA7-7D60-44CE-A018-3BB923D44F1C}
		{DA5846AA-D46E-4A01-9793-6E07537BF067} = {DA5846AA-D46E-4A01-9793-6E07537BF067}
		{176DBBB3-1F40-4505-94E2-5D7DA48AB549} = {176DBBB3-1F40-4505-94E2-5D7DA48AB549}
		{72AC92BB-3AD1-4F4D-8DEC-F17080124623} = {72AC92BB-3AD1-4F4D-8DEC-F17080124623}
		{40098EBC-4ABC-43C5-87F1-2EF1D96757F8} = {40098EBC-4ABC-43C5-87F1-2EF1D96757F8}
		{F5AF39CD-DC09-4CE5-95D9-2A9E37269DED} = {F5AF39CD-DC09-4CE5-95D9-2A9E37269DED}
		{6359DCE2-9826-47B1-8C26-E66B2B03CAA3} = {6359DCE2-9826-47B1-8C26-E66B2B03CAA3}
		{947160F0-4EC0-498B-90F3-92B6B0126B6F} = {947160F0-4EC0-498B-90F3-92B6B0126B6F}
	EndProjectSection
EndProject
Project("{888888A0-9F3D-457C-B088-3A5042F75D52}") = "punk_engine_tools", "punk_engine_tools\punk_engine_tools.pyproj", "{CDC7A7DB-8827-4E5D-818E-CDAB11C2E62B}"
EndProject
Project("{8BC9CEB8-8B4A-11D0-8D11-00A0C91BC942}") = "punk_application", "punk_application\punk_application.vcxproj", "{B27B9CF7-B301-4CA8-B20B-927D7D1667DB}"
	ProjectSection(ProjectDependencies) = postProject
		{E8655136-53BE-4087-87ED-DBFFE7B7973B} = {E8655136-53BE-4087-87ED-DBFFE7B7973B}
		{31B26C70-E2E1-4259-B63D-618D876C87D3} = {31B26C70-E2E1-4259-B63D-618D876C87D3}
		{72AC92BB-3AD1-4F4D-8DEC-F17080124623} = {72AC92BB-3AD1-4F4D-8DEC-F17080124623}
		{40098EBC-4ABC-43C5-87F1-2EF1D96757F8} = {40098EBC-4ABC-43C5-87F1-2EF1D96757F8}
		{F5AF39CD-DC09-4CE5-95D9-2A9E37269DED} = {F5AF39CD-DC09-4CE5-95D9-2A9E37269DED}
	EndProjectSection
EndProject
Project("{2150E333-8FDC-42A3-9474-1A3956D46DE8}") = "engine", "engine", "{E15BA426-E3E9-4E2A-BD1F-A03480BFA6F6}"
EndProject
Project("{2150E333-8FDC-42A3-9474-1A3956D46DE8}") = "blender", "blender", "{9290D3C5-0EDE-4372-B6B9-F0B436E2C5E3}"
EndProject
Project("{8BC9CEB8-8B4A-11D0-8D11-00A0C91BC942}") = "ShaderTest", "ShaderTest\ShaderTest.vcxproj", "{9329DBD0-560D-44CD-A716-5F1DE91EC32A}"
EndProject
Project("{2150E333-8FDC-42A3-9474-1A3956D46DE8}") = "tests", "tests", "{535B0FE1-EFF5-4CB9-B52F-1616AAB29CF3}"
EndProject
Project("{8BC9CEB8-8B4A-11D0-8D11-00A0C91BC942}") = "punk_animator", "punk_animator\punk_animator.vcxproj", "{B5537293-DDDC-4035-B94F-3DC5F5881F0A}"
	ProjectSection(ProjectDependencies) = postProject
		{E8655136-53BE-4087-87ED-DBFFE7B7973B} = {E8655136-53BE-4087-87ED-DBFFE7B7973B}
		{31B26C70-E2E1-4259-B63D-618D876C87D3} = {31B26C70-E2E1-4259-B63D-618D876C87D3}
		{D0DE068F-3BF2-4B86-8EA8-5B4D66498C48} = {D0DE068F-3BF2-4B86-8EA8-5B4D66498C48}
		{8D89919D-F845-4E4D-83EB-72337C94B651} = {8D89919D-F845-4E4D-83EB-72337C94B651}
		{52E7ECA7-7D60-44CE-A018-3BB923D44F1C} = {52E7ECA7-7D60-44CE-A018-3BB923D44F1C}
		{176DBBB3-1F40-4505-94E2-5D7DA48AB549} = {176DBBB3-1F40-4505-94E2-5D7DA48AB549}
		{72AC92BB-3AD1-4F4D-8DEC-F17080124623} = {72AC92BB-3AD1-4F4D-8DEC-F17080124623}
		{40098EBC-4ABC-43C5-87F1-2EF1D96757F8} = {40098EBC-4ABC-43C5-87F1-2EF1D96757F8}
		{F5AF39CD-DC09-4CE5-95D9-2A9E37269DED} = {F5AF39CD-DC09-4CE5-95D9-2A9E37269DED}
		{6359DCE2-9826-47B1-8C26-E66B2B03CAA3} = {6359DCE2-9826-47B1-8C26-E66B2B03CAA3}
	EndProjectSection
EndProject
Project("{8BC9CEB8-8B4A-11D0-8D11-00A0C91BC942}") = "cppunit", "cppunit\cppunit.vcxproj", "{84FE02B5-D26F-4FF4-B241-7CFCE63C8491}"
EndProject
Project("{8BC9CEB8-8B4A-11D0-8D11-00A0C91BC942}") = "punk_math_test", "punk_math_test\punk_math_test.vcxproj", "{231DF4DA-80D8-40B1-A75F-27B45C3CAA69}"
EndProject
Project("{8BC9CEB8-8B4A-11D0-8D11-00A0C91BC942}") = "punk_core_test", "punk_core_test\punk_core_test.vcxproj", "{EF930D50-3296-44D0-B728-6C8DBB3BE85F}"
EndProject
Project("{8BC9CEB8-8B4A-11D0-8D11-00A0C91BC942}") = "punk_gui", "punk_gui\punk_gui.vcxproj", "{7C29E7D5-F34B-4011-9BB6-347D25FD7B6F}"
EndProject
Project("{2150E333-8FDC-42A3-9474-1A3956D46DE8}") = "tools", "tools", "{6240BB34-2253-42B9-A6CA-0BE1D3CB7B03}"
EndProject
Project("{8BC9CEB8-8B4A-11D0-8D11-00A0C91BC942}") = "punk_text2bin", "punk_text2bin\punk_text2bin.vcxproj", "{FCE4876C-FAB4-4D92-84C4-888FBA8EACF9}"
EndProject
Project("{8BC9CEB8-8B4A-11D0-8D11-00A0C91BC942}") = "punk_editor", "punk_editor\punk_editor.vcxproj", "{AE5EF2C0-7521-444F-8798-3607C9563107}"
EndProject
Project("{8BC9CEB8-8B4A-11D0-8D11-00A0C91BC942}") = "punk_scene_test", "punk_scene_test\punk_scene_test.vcxproj", "{1AC78BF9-9212-4E3E-8E85-3FF1D0C72912}"
EndProject
Project("{8BC9CEB8-8B4A-11D0-8D11-00A0C91BC942}") = "punk_attributes_test", "punk_attributes_test\punk_attributes_test.vcxproj", "{FB532D99-0CE6-484E-91E8-06395117EB06}"
EndProject
Global
	GlobalSection(SolutionConfigurationPlatforms) = preSolution
		Debug|Mixed Platforms = Debug|Mixed Platforms
		Debug|Win32 = Debug|Win32
		Debug|x64 = Debug|x64
		Debug|x86 = Debug|x86
		Release|Mixed Platforms = Release|Mixed Platforms
		Release|Win32 = Release|Win32
		Release|x64 = Release|x64
		Release|x86 = Release|x86
	EndGlobalSection
	GlobalSection(ProjectConfigurationPlatforms) = postSolution
		{40098EBC-4ABC-43C5-87F1-2EF1D96757F8}.Debug|Mixed Platforms.ActiveCfg = Debug|Win32
		{40098EBC-4ABC-43C5-87F1-2EF1D96757F8}.Debug|Mixed Platforms.Build.0 = Debug|Win32
		{40098EBC-4ABC-43C5-87F1-2EF1D96757F8}.Debug|Win32.ActiveCfg = Debug|Win32
		{40098EBC-4ABC-43C5-87F1-2EF1D96757F8}.Debug|Win32.Build.0 = Debug|Win32
		{40098EBC-4ABC-43C5-87F1-2EF1D96757F8}.Debug|x64.ActiveCfg = Debug|x64
		{40098EBC-4ABC-43C5-87F1-2EF1D96757F8}.Debug|x64.Build.0 = Debug|x64
		{40098EBC-4ABC-43C5-87F1-2EF1D96757F8}.Debug|x86.ActiveCfg = Debug|Win32
		{40098EBC-4ABC-43C5-87F1-2EF1D96757F8}.Debug|x86.Build.0 = Debug|Win32
		{40098EBC-4ABC-43C5-87F1-2EF1D96757F8}.Release|Mixed Platforms.ActiveCfg = Release|Win32
		{40098EBC-4ABC-43C5-87F1-2EF1D96757F8}.Release|Mixed Platforms.Build.0 = Release|Win32
		{40098EBC-4ABC-43C5-87F1-2EF1D96757F8}.Release|Win32.ActiveCfg = Release|Win32
		{40098EBC-4ABC-43C5-87F1-2EF1D96757F8}.Release|Win32.Build.0 = Release|Win32
		{40098EBC-4ABC-43C5-87F1-2EF1D96757F8}.Release|x64.ActiveCfg = Release|x64
		{40098EBC-4ABC-43C5-87F1-2EF1D96757F8}.Release|x64.Build.0 = Release|x64
		{40098EBC-4ABC-43C5-87F1-2EF1D96757F8}.Release|x86.ActiveCfg = Release|Win32
		{40098EBC-4ABC-43C5-87F1-2EF1D96757F8}.Release|x86.Build.0 = Release|Win32
		{72AC92BB-3AD1-4F4D-8DEC-F17080124623}.Debug|Mixed Platforms.ActiveCfg = Debug|Win32
		{72AC92BB-3AD1-4F4D-8DEC-F17080124623}.Debug|Mixed Platforms.Build.0 = Debug|Win32
		{72AC92BB-3AD1-4F4D-8DEC-F17080124623}.Debug|Win32.ActiveCfg = Debug|Win32
		{72AC92BB-3AD1-4F4D-8DEC-F17080124623}.Debug|Win32.Build.0 = Debug|Win32
		{72AC92BB-3AD1-4F4D-8DEC-F17080124623}.Debug|x64.ActiveCfg = Debug|x64
		{72AC92BB-3AD1-4F4D-8DEC-F17080124623}.Debug|x64.Build.0 = Debug|x64
		{72AC92BB-3AD1-4F4D-8DEC-F17080124623}.Debug|x86.ActiveCfg = Debug|Win32
		{72AC92BB-3AD1-4F4D-8DEC-F17080124623}.Debug|x86.Build.0 = Debug|Win32
		{72AC92BB-3AD1-4F4D-8DEC-F17080124623}.Release|Mixed Platforms.ActiveCfg = Release|Win32
		{72AC92BB-3AD1-4F4D-8DEC-F17080124623}.Release|Mixed Platforms.Build.0 = Release|Win32
		{72AC92BB-3AD1-4F4D-8DEC-F17080124623}.Release|Win32.ActiveCfg = Release|Win32
		{72AC92BB-3AD1-4F4D-8DEC-F17080124623}.Release|Win32.Build.0 = Release|Win32
		{72AC92BB-3AD1-4F4D-8DEC-F17080124623}.Release|x64.ActiveCfg = Release|x64
		{72AC92BB-3AD1-4F4D-8DEC-F17080124623}.Release|x64.Build.0 = Release|x64
		{72AC92BB-3AD1-4F4D-8DEC-F17080124623}.Release|x86.ActiveCfg = Release|Win32
		{72AC92BB-3AD1-4F4D-8DEC-F17080124623}.Release|x86.Build.0 = Release|Win32
		{31B26C70-E2E1-4259-B63D-618D876C87D3}.Debug|Mixed Platforms.ActiveCfg = Debug|Win32
		{31B26C70-E2E1-4259-B63D-618D876C87D3}.Debug|Mixed Platforms.Build.0 = Debug|Win32
		{31B26C70-E2E1-4259-B63D-618D876C87D3}.Debug|Win32.ActiveCfg = Debug|Win32
		{31B26C70-E2E1-4259-B63D-618D876C87D3}.Debug|Win32.Build.0 = Debug|Win32
		{31B26C70-E2E1-4259-B63D-618D876C87D3}.Debug|x64.ActiveCfg = Debug|x64
		{31B26C70-E2E1-4259-B63D-618D876C87D3}.Debug|x64.Build.0 = Debug|x64
		{31B26C70-E2E1-4259-B63D-618D876C87D3}.Debug|x86.ActiveCfg = Debug|Win32
		{31B26C70-E2E1-4259-B63D-618D876C87D3}.Debug|x86.Build.0 = Debug|Win32
		{31B26C70-E2E1-4259-B63D-618D876C87D3}.Release|Mixed Platforms.ActiveCfg = Release|Win32
		{31B26C70-E2E1-4259-B63D-618D876C87D3}.Release|Mixed Platforms.Build.0 = Release|Win32
		{31B26C70-E2E1-4259-B63D-618D876C87D3}.Release|Win32.ActiveCfg = Release|Win32
		{31B26C70-E2E1-4259-B63D-618D876C87D3}.Release|Win32.Build.0 = Release|Win32
		{31B26C70-E2E1-4259-B63D-618D876C87D3}.Release|x64.ActiveCfg = Release|x64
		{31B26C70-E2E1-4259-B63D-618D876C87D3}.Release|x64.Build.0 = Release|x64
		{31B26C70-E2E1-4259-B63D-618D876C87D3}.Release|x86.ActiveCfg = Release|Win32
		{31B26C70-E2E1-4259-B63D-618D876C87D3}.Release|x86.Build.0 = Release|Win32
		{F5AF39CD-DC09-4CE5-95D9-2A9E37269DED}.Debug|Mixed Platforms.ActiveCfg = Debug|Win32
		{F5AF39CD-DC09-4CE5-95D9-2A9E37269DED}.Debug|Mixed Platforms.Build.0 = Debug|Win32
		{F5AF39CD-DC09-4CE5-95D9-2A9E37269DED}.Debug|Win32.ActiveCfg = Debug|Win32
		{F5AF39CD-DC09-4CE5-95D9-2A9E37269DED}.Debug|Win32.Build.0 = Debug|Win32
		{F5AF39CD-DC09-4CE5-95D9-2A9E37269DED}.Debug|x64.ActiveCfg = Debug|x64
		{F5AF39CD-DC09-4CE5-95D9-2A9E37269DED}.Debug|x64.Build.0 = Debug|x64
		{F5AF39CD-DC09-4CE5-95D9-2A9E37269DED}.Debug|x86.ActiveCfg = Debug|Win32
		{F5AF39CD-DC09-4CE5-95D9-2A9E37269DED}.Debug|x86.Build.0 = Debug|Win32
		{F5AF39CD-DC09-4CE5-95D9-2A9E37269DED}.Release|Mixed Platforms.ActiveCfg = Release|Win32
		{F5AF39CD-DC09-4CE5-95D9-2A9E37269DED}.Release|Mixed Platforms.Build.0 = Release|Win32
		{F5AF39CD-DC09-4CE5-95D9-2A9E37269DED}.Release|Win32.ActiveCfg = Release|Win32
		{F5AF39CD-DC09-4CE5-95D9-2A9E37269DED}.Release|Win32.Build.0 = Release|Win32
		{F5AF39CD-DC09-4CE5-95D9-2A9E37269DED}.Release|x64.ActiveCfg = Release|x64
		{F5AF39CD-DC09-4CE5-95D9-2A9E37269DED}.Release|x64.Build.0 = Release|x64
		{F5AF39CD-DC09-4CE5-95D9-2A9E37269DED}.Release|x86.ActiveCfg = Release|Win32
		{F5AF39CD-DC09-4CE5-95D9-2A9E37269DED}.Release|x86.Build.0 = Release|Win32
		{E8655136-53BE-4087-87ED-DBFFE7B7973B}.Debug|Mixed Platforms.ActiveCfg = Debug|Win32
		{E8655136-53BE-4087-87ED-DBFFE7B7973B}.Debug|Mixed Platforms.Build.0 = Debug|Win32
		{E8655136-53BE-4087-87ED-DBFFE7B7973B}.Debug|Win32.ActiveCfg = Debug|Win32
		{E8655136-53BE-4087-87ED-DBFFE7B7973B}.Debug|Win32.Build.0 = Debug|Win32
		{E8655136-53BE-4087-87ED-DBFFE7B7973B}.Debug|x64.ActiveCfg = Debug|x64
		{E8655136-53BE-4087-87ED-DBFFE7B7973B}.Debug|x64.Build.0 = Debug|x64
		{E8655136-53BE-4087-87ED-DBFFE7B7973B}.Debug|x86.ActiveCfg = Debug|Win32
		{E8655136-53BE-4087-87ED-DBFFE7B7973B}.Debug|x86.Build.0 = Debug|Win32
		{E8655136-53BE-4087-87ED-DBFFE7B7973B}.Release|Mixed Platforms.ActiveCfg = Release|Win32
		{E8655136-53BE-4087-87ED-DBFFE7B7973B}.Release|Mixed Platforms.Build.0 = Release|Win32
		{E8655136-53BE-4087-87ED-DBFFE7B7973B}.Release|Win32.ActiveCfg = Release|Win32
		{E8655136-53BE-4087-87ED-DBFFE7B7973B}.Release|Win32.Build.0 = Release|Win32
		{E8655136-53BE-4087-87ED-DBFFE7B7973B}.Release|x64.ActiveCfg = Release|x64
		{E8655136-53BE-4087-87ED-DBFFE7B7973B}.Release|x64.Build.0 = Release|x64
		{E8655136-53BE-4087-87ED-DBFFE7B7973B}.Release|x86.ActiveCfg = Release|Win32
		{E8655136-53BE-4087-87ED-DBFFE7B7973B}.Release|x86.Build.0 = Release|Win32
		{8D89919D-F845-4E4D-83EB-72337C94B651}.Debug|Mixed Platforms.ActiveCfg = Debug|Win32
		{8D89919D-F845-4E4D-83EB-72337C94B651}.Debug|Mixed Platforms.Build.0 = Debug|Win32
		{8D89919D-F845-4E4D-83EB-72337C94B651}.Debug|Win32.ActiveCfg = Debug|Win32
		{8D89919D-F845-4E4D-83EB-72337C94B651}.Debug|Win32.Build.0 = Debug|Win32
		{8D89919D-F845-4E4D-83EB-72337C94B651}.Debug|x64.ActiveCfg = Debug|x64
		{8D89919D-F845-4E4D-83EB-72337C94B651}.Debug|x64.Build.0 = Debug|x64
		{8D89919D-F845-4E4D-83EB-72337C94B651}.Debug|x86.ActiveCfg = Debug|Win32
		{8D89919D-F845-4E4D-83EB-72337C94B651}.Debug|x86.Build.0 = Debug|Win32
		{8D89919D-F845-4E4D-83EB-72337C94B651}.Release|Mixed Platforms.ActiveCfg = Release|Win32
		{8D89919D-F845-4E4D-83EB-72337C94B651}.Release|Mixed Platforms.Build.0 = Release|Win32
		{8D89919D-F845-4E4D-83EB-72337C94B651}.Release|Win32.ActiveCfg = Release|Win32
		{8D89919D-F845-4E4D-83EB-72337C94B651}.Release|Win32.Build.0 = Release|Win32
		{8D89919D-F845-4E4D-83EB-72337C94B651}.Release|x64.ActiveCfg = Release|x64
		{8D89919D-F845-4E4D-83EB-72337C94B651}.Release|x64.Build.0 = Release|x64
		{8D89919D-F845-4E4D-83EB-72337C94B651}.Release|x86.ActiveCfg = Release|Win32
		{8D89919D-F845-4E4D-83EB-72337C94B651}.Release|x86.Build.0 = Release|Win32
		{6359DCE2-9826-47B1-8C26-E66B2B03CAA3}.Debug|Mixed Platforms.ActiveCfg = Debug|Win32
		{6359DCE2-9826-47B1-8C26-E66B2B03CAA3}.Debug|Mixed Platforms.Build.0 = Debug|Win32
		{6359DCE2-9826-47B1-8C26-E66B2B03CAA3}.Debug|Win32.ActiveCfg = Debug|Win32
		{6359DCE2-9826-47B1-8C26-E66B2B03CAA3}.Debug|Win32.Build.0 = Debug|Win32
		{6359DCE2-9826-47B1-8C26-E66B2B03CAA3}.Debug|x64.ActiveCfg = Debug|x64
		{6359DCE2-9826-47B1-8C26-E66B2B03CAA3}.Debug|x64.Build.0 = Debug|x64
		{6359DCE2-9826-47B1-8C26-E66B2B03CAA3}.Debug|x86.ActiveCfg = Debug|Win32
		{6359DCE2-9826-47B1-8C26-E66B2B03CAA3}.Debug|x86.Build.0 = Debug|Win32
		{6359DCE2-9826-47B1-8C26-E66B2B03CAA3}.Release|Mixed Platforms.ActiveCfg = Release|Win32
		{6359DCE2-9826-47B1-8C26-E66B2B03CAA3}.Release|Mixed Platforms.Build.0 = Release|Win32
		{6359DCE2-9826-47B1-8C26-E66B2B03CAA3}.Release|Win32.ActiveCfg = Release|Win32
		{6359DCE2-9826-47B1-8C26-E66B2B03CAA3}.Release|Win32.Build.0 = Release|Win32
		{6359DCE2-9826-47B1-8C26-E66B2B03CAA3}.Release|x64.ActiveCfg = Release|x64
		{6359DCE2-9826-47B1-8C26-E66B2B03CAA3}.Release|x64.Build.0 = Release|x64
		{6359DCE2-9826-47B1-8C26-E66B2B03CAA3}.Release|x86.ActiveCfg = Release|Win32
		{6359DCE2-9826-47B1-8C26-E66B2B03CAA3}.Release|x86.Build.0 = Release|Win32
		{D0DE068F-3BF2-4B86-8EA8-5B4D66498C48}.Debug|Mixed Platforms.ActiveCfg = Debug|Win32
		{D0DE068F-3BF2-4B86-8EA8-5B4D66498C48}.Debug|Mixed Platforms.Build.0 = Debug|Win32
		{D0DE068F-3BF2-4B86-8EA8-5B4D66498C48}.Debug|Win32.ActiveCfg = Debug|Win32
		{D0DE068F-3BF2-4B86-8EA8-5B4D66498C48}.Debug|Win32.Build.0 = Debug|Win32
		{D0DE068F-3BF2-4B86-8EA8-5B4D66498C48}.Debug|x64.ActiveCfg = Debug|x64
		{D0DE068F-3BF2-4B86-8EA8-5B4D66498C48}.Debug|x64.Build.0 = Debug|x64
		{D0DE068F-3BF2-4B86-8EA8-5B4D66498C48}.Debug|x86.ActiveCfg = Debug|Win32
		{D0DE068F-3BF2-4B86-8EA8-5B4D66498C48}.Debug|x86.Build.0 = Debug|Win32
		{D0DE068F-3BF2-4B86-8EA8-5B4D66498C48}.Release|Mixed Platforms.ActiveCfg = Release|Win32
		{D0DE068F-3BF2-4B86-8EA8-5B4D66498C48}.Release|Mixed Platforms.Build.0 = Release|Win32
		{D0DE068F-3BF2-4B86-8EA8-5B4D66498C48}.Release|Win32.ActiveCfg = Release|Win32
		{D0DE068F-3BF2-4B86-8EA8-5B4D66498C48}.Release|Win32.Build.0 = Release|Win32
		{D0DE068F-3BF2-4B86-8EA8-5B4D66498C48}.Release|x64.ActiveCfg = Release|x64
		{D0DE068F-3BF2-4B86-8EA8-5B4D66498C48}.Release|x64.Build.0 = Release|x64
		{D0DE068F-3BF2-4B86-8EA8-5B4D66498C48}.Release|x86.ActiveCfg = Release|Win32
		{D0DE068F-3BF2-4B86-8EA8-5B4D66498C48}.Release|x86.Build.0 = Release|Win32
		{52E7ECA7-7D60-44CE-A018-3BB923D44F1C}.Debug|Mixed Platforms.ActiveCfg = Debug|Win32
		{52E7ECA7-7D60-44CE-A018-3BB923D44F1C}.Debug|Mixed Platforms.Build.0 = Debug|Win32
		{52E7ECA7-7D60-44CE-A018-3BB923D44F1C}.Debug|Win32.ActiveCfg = Debug|Win32
		{52E7ECA7-7D60-44CE-A018-3BB923D44F1C}.Debug|Win32.Build.0 = Debug|Win32
		{52E7ECA7-7D60-44CE-A018-3BB923D44F1C}.Debug|x64.ActiveCfg = Debug|x64
		{52E7ECA7-7D60-44CE-A018-3BB923D44F1C}.Debug|x64.Build.0 = Debug|x64
		{52E7ECA7-7D60-44CE-A018-3BB923D44F1C}.Debug|x86.ActiveCfg = Debug|Win32
		{52E7ECA7-7D60-44CE-A018-3BB923D44F1C}.Debug|x86.Build.0 = Debug|Win32
		{52E7ECA7-7D60-44CE-A018-3BB923D44F1C}.Release|Mixed Platforms.ActiveCfg = Release|Win32
		{52E7ECA7-7D60-44CE-A018-3BB923D44F1C}.Release|Mixed Platforms.Build.0 = Release|Win32
		{52E7ECA7-7D60-44CE-A018-3BB923D44F1C}.Release|Win32.ActiveCfg = Release|Win32
		{52E7ECA7-7D60-44CE-A018-3BB923D44F1C}.Release|Win32.Build.0 = Release|Win32
		{52E7ECA7-7D60-44CE-A018-3BB923D44F1C}.Release|x64.ActiveCfg = Release|x64
		{52E7ECA7-7D60-44CE-A018-3BB923D44F1C}.Release|x64.Build.0 = Release|x64
		{52E7ECA7-7D60-44CE-A018-3BB923D44F1C}.Release|x86.ActiveCfg = Release|Win32
		{52E7ECA7-7D60-44CE-A018-3BB923D44F1C}.Release|x86.Build.0 = Release|Win32
		{176DBBB3-1F40-4505-94E2-5D7DA48AB549}.Debug|Mixed Platforms.ActiveCfg = Debug|Win32
		{176DBBB3-1F40-4505-94E2-5D7DA48AB549}.Debug|Mixed Platforms.Build.0 = Debug|Win32
		{176DBBB3-1F40-4505-94E2-5D7DA48AB549}.Debug|Win32.ActiveCfg = Debug|Win32
		{176DBBB3-1F40-4505-94E2-5D7DA48AB549}.Debug|Win32.Build.0 = Debug|Win32
		{176DBBB3-1F40-4505-94E2-5D7DA48AB549}.Debug|x64.ActiveCfg = Debug|x64
		{176DBBB3-1F40-4505-94E2-5D7DA48AB549}.Debug|x64.Build.0 = Debug|x64
		{176DBBB3-1F40-4505-94E2-5D7DA48AB549}.Debug|x86.ActiveCfg = Debug|Win32
		{176DBBB3-1F40-4505-94E2-5D7DA48AB549}.Debug|x86.Build.0 = Debug|Win32
		{176DBBB3-1F40-4505-94E2-5D7DA48AB549}.Release|Mixed Platforms.ActiveCfg = Release|Win32
		{176DBBB3-1F40-4505-94E2-5D7DA48AB549}.Release|Mixed Platforms.Build.0 = Release|Win32
		{176DBBB3-1F40-4505-94E2-5D7DA48AB549}.Release|Win32.ActiveCfg = Release|Win32
		{176DBBB3-1F40-4505-94E2-5D7DA48AB549}.Release|Win32.Build.0 = Release|Win32
		{176DBBB3-1F40-4505-94E2-5D7DA48AB549}.Release|x64.ActiveCfg = Release|x64
		{176DBBB3-1F40-4505-94E2-5D7DA48AB549}.Release|x64.Build.0 = Release|x64
		{176DBBB3-1F40-4505-94E2-5D7DA48AB549}.Release|x86.ActiveCfg = Release|Win32
		{176DBBB3-1F40-4505-94E2-5D7DA48AB549}.Release|x86.Build.0 = Release|Win32
		{947160F0-4EC0-498B-90F3-92B6B0126B6F}.Debug|Mixed Platforms.ActiveCfg = Debug|Win32
		{947160F0-4EC0-498B-90F3-92B6B0126B6F}.Debug|Mixed Platforms.Build.0 = Debug|Win32
		{947160F0-4EC0-498B-90F3-92B6B0126B6F}.Debug|Win32.ActiveCfg = Debug|Win32
		{947160F0-4EC0-498B-90F3-92B6B0126B6F}.Debug|Win32.Build.0 = Debug|Win32
		{947160F0-4EC0-498B-90F3-92B6B0126B6F}.Debug|x64.ActiveCfg = Debug|x64
		{947160F0-4EC0-498B-90F3-92B6B0126B6F}.Debug|x64.Build.0 = Debug|x64
		{947160F0-4EC0-498B-90F3-92B6B0126B6F}.Debug|x86.ActiveCfg = Debug|Win32
		{947160F0-4EC0-498B-90F3-92B6B0126B6F}.Debug|x86.Build.0 = Debug|Win32
		{947160F0-4EC0-498B-90F3-92B6B0126B6F}.Release|Mixed Platforms.ActiveCfg = Release|Win32
		{947160F0-4EC0-498B-90F3-92B6B0126B6F}.Release|Mixed Platforms.Build.0 = Release|Win32
		{947160F0-4EC0-498B-90F3-92B6B0126B6F}.Release|Win32.ActiveCfg = Release|Win32
		{947160F0-4EC0-498B-90F3-92B6B0126B6F}.Release|Win32.Build.0 = Release|Win32
		{947160F0-4EC0-498B-90F3-92B6B0126B6F}.Release|x64.ActiveCfg = Release|x64
		{947160F0-4EC0-498B-90F3-92B6B0126B6F}.Release|x64.Build.0 = Release|x64
		{947160F0-4EC0-498B-90F3-92B6B0126B6F}.Release|x86.ActiveCfg = Release|Win32
		{947160F0-4EC0-498B-90F3-92B6B0126B6F}.Release|x86.Build.0 = Release|Win32
		{DA5846AA-D46E-4A01-9793-6E07537BF067}.Debug|Mixed Platforms.ActiveCfg = Debug|Win32
		{DA5846AA-D46E-4A01-9793-6E07537BF067}.Debug|Mixed Platforms.Build.0 = Debug|Win32
		{DA5846AA-D46E-4A01-9793-6E07537BF067}.Debug|Win32.ActiveCfg = Debug|Win32
		{DA5846AA-D46E-4A01-9793-6E07537BF067}.Debug|Win32.Build.0 = Debug|Win32
		{DA5846AA-D46E-4A01-9793-6E07537BF067}.Debug|x64.ActiveCfg = Debug|x64
		{DA5846AA-D46E-4A01-9793-6E07537BF067}.Debug|x64.Build.0 = Debug|x64
		{DA5846AA-D46E-4A01-9793-6E07537BF067}.Debug|x86.ActiveCfg = Debug|Win32
		{DA5846AA-D46E-4A01-9793-6E07537BF067}.Debug|x86.Build.0 = Debug|Win32
		{DA5846AA-D46E-4A01-9793-6E07537BF067}.Release|Mixed Platforms.ActiveCfg = Release|Win32
		{DA5846AA-D46E-4A01-9793-6E07537BF067}.Release|Mixed Platforms.Build.0 = Release|Win32
		{DA5846AA-D46E-4A01-9793-6E07537BF067}.Release|Win32.ActiveCfg = Release|Win32
		{DA5846AA-D46E-4A01-9793-6E07537BF067}.Release|Win32.Build.0 = Release|Win32
		{DA5846AA-D46E-4A01-9793-6E07537BF067}.Release|x64.ActiveCfg = Release|x64
		{DA5846AA-D46E-4A01-9793-6E07537BF067}.Release|x64.Build.0 = Release|x64
		{DA5846AA-D46E-4A01-9793-6E07537BF067}.Release|x86.ActiveCfg = Release|Win32
		{DA5846AA-D46E-4A01-9793-6E07537BF067}.Release|x86.Build.0 = Release|Win32
		{37BD988E-947A-4FFE-B6D1-286D2D43FCEA}.Debug|Mixed Platforms.ActiveCfg = Debug|Win32
		{37BD988E-947A-4FFE-B6D1-286D2D43FCEA}.Debug|Mixed Platforms.Build.0 = Debug|Win32
		{37BD988E-947A-4FFE-B6D1-286D2D43FCEA}.Debug|Win32.ActiveCfg = Debug|Win32
		{37BD988E-947A-4FFE-B6D1-286D2D43FCEA}.Debug|Win32.Build.0 = Debug|Win32
		{37BD988E-947A-4FFE-B6D1-286D2D43FCEA}.Debug|x64.ActiveCfg = Debug|x64
		{37BD988E-947A-4FFE-B6D1-286D2D43FCEA}.Debug|x64.Build.0 = Debug|x64
		{37BD988E-947A-4FFE-B6D1-286D2D43FCEA}.Debug|x86.ActiveCfg = Debug|Win32
		{37BD988E-947A-4FFE-B6D1-286D2D43FCEA}.Debug|x86.Build.0 = Debug|Win32
		{37BD988E-947A-4FFE-B6D1-286D2D43FCEA}.Release|Mixed Platforms.ActiveCfg = Release|Win32
		{37BD988E-947A-4FFE-B6D1-286D2D43FCEA}.Release|Mixed Platforms.Build.0 = Release|Win32
		{37BD988E-947A-4FFE-B6D1-286D2D43FCEA}.Release|Win32.ActiveCfg = Release|Win32
		{37BD988E-947A-4FFE-B6D1-286D2D43FCEA}.Release|Win32.Build.0 = Release|Win32
		{37BD988E-947A-4FFE-B6D1-286D2D43FCEA}.Release|x64.ActiveCfg = Release|x64
		{37BD988E-947A-4FFE-B6D1-286D2D43FCEA}.Release|x64.Build.0 = Release|x64
		{37BD988E-947A-4FFE-B6D1-286D2D43FCEA}.Release|x86.ActiveCfg = Release|Win32
		{37BD988E-947A-4FFE-B6D1-286D2D43FCEA}.Release|x86.Build.0 = Release|Win32
		{02EAAEAC-D290-43EB-8352-6C398B6BFCF8}.Debug|Mixed Platforms.ActiveCfg = Debug|Win32
		{02EAAEAC-D290-43EB-8352-6C398B6BFCF8}.Debug|Mixed Platforms.Build.0 = Debug|Win32
		{02EAAEAC-D290-43EB-8352-6C398B6BFCF8}.Debug|Win32.ActiveCfg = Debug|Win32
		{02EAAEAC-D290-43EB-8352-6C398B6BFCF8}.Debug|Win32.Build.0 = Debug|Win32
		{02EAAEAC-D290-43EB-8352-6C398B6BFCF8}.Debug|x64.ActiveCfg = Debug|x64
		{02EAAEAC-D290-43EB-8352-6C398B6BFCF8}.Debug|x64.Build.0 = Debug|x64
		{02EAAEAC-D290-43EB-8352-6C398B6BFCF8}.Debug|x86.ActiveCfg = Debug|Win32
		{02EAAEAC-D290-43EB-8352-6C398B6BFCF8}.Debug|x86.Build.0 = Debug|Win32
		{02EAAEAC-D290-43EB-8352-6C398B6BFCF8}.Release|Mixed Platforms.ActiveCfg = Release|Win32
		{02EAAEAC-D290-43EB-8352-6C398B6BFCF8}.Release|Mixed Platforms.Build.0 = Release|Win32
		{02EAAEAC-D290-43EB-8352-6C398B6BFCF8}.Release|Win32.ActiveCfg = Release|Win32
		{02EAAEAC-D290-43EB-8352-6C398B6BFCF8}.Release|Win32.Build.0 = Release|Win32
		{02EAAEAC-D290-43EB-8352-6C398B6BFCF8}.Release|x64.ActiveCfg = Release|x64
		{02EAAEAC-D290-43EB-8352-6C398B6BFCF8}.Release|x64.Build.0 = Release|x64
		{02EAAEAC-D290-43EB-8352-6C398B6BFCF8}.Release|x86.ActiveCfg = Release|Win32
		{02EAAEAC-D290-43EB-8352-6C398B6BFCF8}.Release|x86.Build.0 = Release|Win32
		{5E0D3A2D-7807-49EC-84FC-F90930FBF3EA}.Debug|Mixed Platforms.ActiveCfg = Debug|Any CPU
		{5E0D3A2D-7807-49EC-84FC-F90930FBF3EA}.Debug|Win32.ActiveCfg = Debug|Any CPU
		{5E0D3A2D-7807-49EC-84FC-F90930FBF3EA}.Debug|x64.ActiveCfg = Debug|Any CPU
		{5E0D3A2D-7807-49EC-84FC-F90930FBF3EA}.Debug|x86.ActiveCfg = Debug|Any CPU
		{5E0D3A2D-7807-49EC-84FC-F90930FBF3EA}.Release|Mixed Platforms.ActiveCfg = Release|Any CPU
		{5E0D3A2D-7807-49EC-84FC-F90930FBF3EA}.Release|Win32.ActiveCfg = Release|Any CPU
		{5E0D3A2D-7807-49EC-84FC-F90930FBF3EA}.Release|x64.ActiveCfg = Release|Any CPU
		{5E0D3A2D-7807-49EC-84FC-F90930FBF3EA}.Release|x86.ActiveCfg = Release|Any CPU
		{C8800A26-C1A7-4A59-A34E-5CA429F5E32A}.Debug|Mixed Platforms.ActiveCfg = Debug|Win32
		{C8800A26-C1A7-4A59-A34E-5CA429F5E32A}.Debug|Mixed Platforms.Build.0 = Debug|Win32
		{C8800A26-C1A7-4A59-A34E-5CA429F5E32A}.Debug|Win32.ActiveCfg = Debug|Win32
		{C8800A26-C1A7-4A59-A34E-5CA429F5E32A}.Debug|Win32.Build.0 = Debug|Win32
		{C8800A26-C1A7-4A59-A34E-5CA429F5E32A}.Debug|x64.ActiveCfg = Debug|x64
		{C8800A26-C1A7-4A59-A34E-5CA429F5E32A}.Debug|x64.Build.0 = Debug|x64
		{C8800A26-C1A7-4A59-A34E-5CA429F5E32A}.Debug|x86.ActiveCfg = Debug|Win32
		{C8800A26-C1A7-4A59-A34E-5CA429F5E32A}.Debug|x86.Build.0 = Debug|Win32
		{C8800A26-C1A7-4A59-A34E-5CA429F5E32A}.Release|Mixed Platforms.ActiveCfg = Release|Win32
		{C8800A26-C1A7-4A59-A34E-5CA429F5E32A}.Release|Mixed Platforms.Build.0 = Release|Win32
		{C8800A26-C1A7-4A59-A34E-5CA429F5E32A}.Release|Win32.ActiveCfg = Release|Win32
		{C8800A26-C1A7-4A59-A34E-5CA429F5E32A}.Release|Win32.Build.0 = Release|Win32
		{C8800A26-C1A7-4A59-A34E-5CA429F5E32A}.Release|x64.ActiveCfg = Release|x64
		{C8800A26-C1A7-4A59-A34E-5CA429F5E32A}.Release|x64.Build.0 = Release|x64
		{C8800A26-C1A7-4A59-A34E-5CA429F5E32A}.Release|x86.ActiveCfg = Release|Win32
		{C8800A26-C1A7-4A59-A34E-5CA429F5E32A}.Release|x86.Build.0 = Release|Win32
		{CADF8F10-3C59-4292-AD0A-65E4CB3DF291}.Debug|Mixed Platforms.ActiveCfg = Debug|Win32
		{CADF8F10-3C59-4292-AD0A-65E4CB3DF291}.Debug|Mixed Platforms.Build.0 = Debug|Win32
		{CADF8F10-3C59-4292-AD0A-65E4CB3DF291}.Debug|Win32.ActiveCfg = Debug|Win32
		{CADF8F10-3C59-4292-AD0A-65E4CB3DF291}.Debug|Win32.Build.0 = Debug|Win32
		{CADF8F10-3C59-4292-AD0A-65E4CB3DF291}.Debug|x64.ActiveCfg = Debug|x64
		{CADF8F10-3C59-4292-AD0A-65E4CB3DF291}.Debug|x64.Build.0 = Debug|x64
		{CADF8F10-3C59-4292-AD0A-65E4CB3DF291}.Debug|x86.ActiveCfg = Debug|Win32
		{CADF8F10-3C59-4292-AD0A-65E4CB3DF291}.Debug|x86.Build.0 = Debug|Win32
		{CADF8F10-3C59-4292-AD0A-65E4CB3DF291}.Release|Mixed Platforms.ActiveCfg = Release|Win32
		{CADF8F10-3C59-4292-AD0A-65E4CB3DF291}.Release|Mixed Platforms.Build.0 = Release|Win32
		{CADF8F10-3C59-4292-AD0A-65E4CB3DF291}.Release|Win32.ActiveCfg = Release|Win32
		{CADF8F10-3C59-4292-AD0A-65E4CB3DF291}.Release|Win32.Build.0 = Release|Win32
		{CADF8F10-3C59-4292-AD0A-65E4CB3DF291}.Release|x64.ActiveCfg = Release|x64
		{CADF8F10-3C59-4292-AD0A-65E4CB3DF291}.Release|x64.Build.0 = Release|x64
		{CADF8F10-3C59-4292-AD0A-65E4CB3DF291}.Release|x86.ActiveCfg = Release|Win32
		{CADF8F10-3C59-4292-AD0A-65E4CB3DF291}.Release|x86.Build.0 = Release|Win32
		{CDC7A7DB-8827-4E5D-818E-CDAB11C2E62B}.Debug|Mixed Platforms.ActiveCfg = Debug|Any CPU
		{CDC7A7DB-8827-4E5D-818E-CDAB11C2E62B}.Debug|Win32.ActiveCfg = Debug|Any CPU
		{CDC7A7DB-8827-4E5D-818E-CDAB11C2E62B}.Debug|x64.ActiveCfg = Debug|Any CPU
		{CDC7A7DB-8827-4E5D-818E-CDAB11C2E62B}.Debug|x86.ActiveCfg = Debug|Any CPU
		{CDC7A7DB-8827-4E5D-818E-CDAB11C2E62B}.Debug|x86.Build.0 = Debug|Any CPU
		{CDC7A7DB-8827-4E5D-818E-CDAB11C2E62B}.Release|Mixed Platforms.ActiveCfg = Release|Any CPU
		{CDC7A7DB-8827-4E5D-818E-CDAB11C2E62B}.Release|Win32.ActiveCfg = Release|Any CPU
		{CDC7A7DB-8827-4E5D-818E-CDAB11C2E62B}.Release|x64.ActiveCfg = Release|Any CPU
		{CDC7A7DB-8827-4E5D-818E-CDAB11C2E62B}.Release|x86.ActiveCfg = Release|Any CPU
		{B27B9CF7-B301-4CA8-B20B-927D7D1667DB}.Debug|Mixed Platforms.ActiveCfg = Debug|Win32
		{B27B9CF7-B301-4CA8-B20B-927D7D1667DB}.Debug|Mixed Platforms.Build.0 = Debug|Win32
		{B27B9CF7-B301-4CA8-B20B-927D7D1667DB}.Debug|Win32.ActiveCfg = Debug|Win32
		{B27B9CF7-B301-4CA8-B20B-927D7D1667DB}.Debug|Win32.Build.0 = Debug|Win32
		{B27B9CF7-B301-4CA8-B20B-927D7D1667DB}.Debug|x64.ActiveCfg = Debug|x64
		{B27B9CF7-B301-4CA8-B20B-927D7D1667DB}.Debug|x64.Build.0 = Debug|x64
		{B27B9CF7-B301-4CA8-B20B-927D7D1667DB}.Debug|x86.ActiveCfg = Debug|Win32
		{B27B9CF7-B301-4CA8-B20B-927D7D1667DB}.Debug|x86.Build.0 = Debug|Win32
		{B27B9CF7-B301-4CA8-B20B-927D7D1667DB}.Release|Mixed Platforms.ActiveCfg = Release|Win32
		{B27B9CF7-B301-4CA8-B20B-927D7D1667DB}.Release|Mixed Platforms.Build.0 = Release|Win32
		{B27B9CF7-B301-4CA8-B20B-927D7D1667DB}.Release|Win32.ActiveCfg = Release|Win32
		{B27B9CF7-B301-4CA8-B20B-927D7D1667DB}.Release|Win32.Build.0 = Release|Win32
		{B27B9CF7-B301-4CA8-B20B-927D7D1667DB}.Release|x64.ActiveCfg = Release|x64
		{B27B9CF7-B301-4CA8-B20B-927D7D1667DB}.Release|x64.Build.0 = Release|x64
		{B27B9CF7-B301-4CA8-B20B-927D7D1667DB}.Release|x86.ActiveCfg = Release|Win32
		{B27B9CF7-B301-4CA8-B20B-927D7D1667DB}.Release|x86.Build.0 = Release|Win32
		{9329DBD0-560D-44CD-A716-5F1DE91EC32A}.Debug|Mixed Platforms.ActiveCfg = Debug|Win32
		{9329DBD0-560D-44CD-A716-5F1DE91EC32A}.Debug|Mixed Platforms.Build.0 = Debug|Win32
		{9329DBD0-560D-44CD-A716-5F1DE91EC32A}.Debug|Win32.ActiveCfg = Debug|Win32
		{9329DBD0-560D-44CD-A716-5F1DE91EC32A}.Debug|Win32.Build.0 = Debug|Win32
		{9329DBD0-560D-44CD-A716-5F1DE91EC32A}.Debug|x64.ActiveCfg = Debug|x64
		{9329DBD0-560D-44CD-A716-5F1DE91EC32A}.Debug|x64.Build.0 = Debug|x64
		{9329DBD0-560D-44CD-A716-5F1DE91EC32A}.Debug|x86.ActiveCfg = Debug|Win32
		{9329DBD0-560D-44CD-A716-5F1DE91EC32A}.Debug|x86.Build.0 = Debug|Win32
		{9329DBD0-560D-44CD-A716-5F1DE91EC32A}.Release|Mixed Platforms.ActiveCfg = Release|Win32
		{9329DBD0-560D-44CD-A716-5F1DE91EC32A}.Release|Mixed Platforms.Build.0 = Release|Win32
		{9329DBD0-560D-44CD-A716-5F1DE91EC32A}.Release|Win32.ActiveCfg = Release|Win32
		{9329DBD0-560D-44CD-A716-5F1DE91EC32A}.Release|Win32.Build.0 = Release|Win32
		{9329DBD0-560D-44CD-A716-5F1DE91EC32A}.Release|x64.ActiveCfg = Release|x64
		{9329DBD0-560D-44CD-A716-5F1DE91EC32A}.Release|x64.Build.0 = Release|x64
		{9329DBD0-560D-44CD-A716-5F1DE91EC32A}.Release|x86.ActiveCfg = Release|Win32
		{9329DBD0-560D-44CD-A716-5F1DE91EC32A}.Release|x86.Build.0 = Release|Win32
		{B5537293-DDDC-4035-B94F-3DC5F5881F0A}.Debug|Mixed Platforms.ActiveCfg = Debug|Win32
		{B5537293-DDDC-4035-B94F-3DC5F5881F0A}.Debug|Mixed Platforms.Build.0 = Debug|Win32
		{B5537293-DDDC-4035-B94F-3DC5F5881F0A}.Debug|Win32.ActiveCfg = Debug|Win32
		{B5537293-DDDC-4035-B94F-3DC5F5881F0A}.Debug|Win32.Build.0 = Debug|Win32
		{B5537293-DDDC-4035-B94F-3DC5F5881F0A}.Debug|x64.ActiveCfg = Debug|x64
		{B5537293-DDDC-4035-B94F-3DC5F5881F0A}.Debug|x64.Build.0 = Debug|x64
		{B5537293-DDDC-4035-B94F-3DC5F5881F0A}.Debug|x86.ActiveCfg = Debug|Win32
		{B5537293-DDDC-4035-B94F-3DC5F5881F0A}.Debug|x86.Build.0 = Debug|Win32
		{B5537293-DDDC-4035-B94F-3DC5F5881F0A}.Release|Mixed Platforms.ActiveCfg = Release|Win32
		{B5537293-DDDC-4035-B94F-3DC5F5881F0A}.Release|Mixed Platforms.Build.0 = Release|Win32
		{B5537293-DDDC-4035-B94F-3DC5F5881F0A}.Release|Win32.ActiveCfg = Release|Win32
		{B5537293-DDDC-4035-B94F-3DC5F5881F0A}.Release|Win32.Build.0 = Release|Win32
		{B5537293-DDDC-4035-B94F-3DC5F5881F0A}.Release|x64.ActiveCfg = Release|x64
		{B5537293-DDDC-4035-B94F-3DC5F5881F0A}.Release|x64.Build.0 = Release|x64
		{B5537293-DDDC-4035-B94F-3DC5F5881F0A}.Release|x86.ActiveCfg = Release|Win32
		{B5537293-DDDC-4035-B94F-3DC5F5881F0A}.Release|x86.Build.0 = Release|Win32
		{84FE02B5-D26F-4FF4-B241-7CFCE63C8491}.Debug|Mixed Platforms.ActiveCfg = Debug|Win32
		{84FE02B5-D26F-4FF4-B241-7CFCE63C8491}.Debug|Mixed Platforms.Build.0 = Debug|Win32
		{84FE02B5-D26F-4FF4-B241-7CFCE63C8491}.Debug|Win32.ActiveCfg = Debug|Win32
		{84FE02B5-D26F-4FF4-B241-7CFCE63C8491}.Debug|Win32.Build.0 = Debug|Win32
		{84FE02B5-D26F-4FF4-B241-7CFCE63C8491}.Debug|x64.ActiveCfg = Debug|x64
		{84FE02B5-D26F-4FF4-B241-7CFCE63C8491}.Debug|x64.Build.0 = Debug|x64
		{84FE02B5-D26F-4FF4-B241-7CFCE63C8491}.Debug|x86.ActiveCfg = Debug|Win32
		{84FE02B5-D26F-4FF4-B241-7CFCE63C8491}.Debug|x86.Build.0 = Debug|Win32
		{84FE02B5-D26F-4FF4-B241-7CFCE63C8491}.Release|Mixed Platforms.ActiveCfg = Release|Win32
		{84FE02B5-D26F-4FF4-B241-7CFCE63C8491}.Release|Mixed Platforms.Build.0 = Release|Win32
		{84FE02B5-D26F-4FF4-B241-7CFCE63C8491}.Release|Win32.ActiveCfg = Release|Win32
		{84FE02B5-D26F-4FF4-B241-7CFCE63C8491}.Release|Win32.Build.0 = Release|Win32
		{84FE02B5-D26F-4FF4-B241-7CFCE63C8491}.Release|x64.ActiveCfg = Release|x64
		{84FE02B5-D26F-4FF4-B241-7CFCE63C8491}.Release|x64.Build.0 = Release|x64
		{84FE02B5-D26F-4FF4-B241-7CFCE63C8491}.Release|x86.ActiveCfg = Release|Win32
		{84FE02B5-D26F-4FF4-B241-7CFCE63C8491}.Release|x86.Build.0 = Release|Win32
		{231DF4DA-80D8-40B1-A75F-27B45C3CAA69}.Debug|Mixed Platforms.ActiveCfg = Debug|Win32
		{231DF4DA-80D8-40B1-A75F-27B45C3CAA69}.Debug|Mixed Platforms.Build.0 = Debug|Win32
		{231DF4DA-80D8-40B1-A75F-27B45C3CAA69}.Debug|Win32.ActiveCfg = Debug|Win32
		{231DF4DA-80D8-40B1-A75F-27B45C3CAA69}.Debug|Win32.Build.0 = Debug|Win32
		{231DF4DA-80D8-40B1-A75F-27B45C3CAA69}.Debug|x64.ActiveCfg = Debug|x64
		{231DF4DA-80D8-40B1-A75F-27B45C3CAA69}.Debug|x64.Build.0 = Debug|x64
		{231DF4DA-80D8-40B1-A75F-27B45C3CAA69}.Debug|x86.ActiveCfg = Debug|Win32
		{231DF4DA-80D8-40B1-A75F-27B45C3CAA69}.Debug|x86.Build.0 = Debug|Win32
		{231DF4DA-80D8-40B1-A75F-27B45C3CAA69}.Release|Mixed Platforms.ActiveCfg = Release|Win32
		{231DF4DA-80D8-40B1-A75F-27B45C3CAA69}.Release|Mixed Platforms.Build.0 = Release|Win32
		{231DF4DA-80D8-40B1-A75F-27B45C3CAA69}.Release|Win32.ActiveCfg = Release|Win32
		{231DF4DA-80D8-40B1-A75F-27B45C3CAA69}.Release|Win32.Build.0 = Release|Win32
		{231DF4DA-80D8-40B1-A75F-27B45C3CAA69}.Release|x64.ActiveCfg = Release|x64
		{231DF4DA-80D8-40B1-A75F-27B45C3CAA69}.Release|x64.Build.0 = Release|x64
		{231DF4DA-80D8-40B1-A75F-27B45C3CAA69}.Release|x86.ActiveCfg = Release|Win32
		{231DF4DA-80D8-40B1-A75F-27B45C3CAA69}.Release|x86.Build.0 = Release|Win32
		{EF930D50-3296-44D0-B728-6C8DBB3BE85F}.Debug|Mixed Platforms.ActiveCfg = Debug|Win32
		{EF930D50-3296-44D0-B728-6C8DBB3BE85F}.Debug|Mixed Platforms.Build.0 = Debug|Win32
		{EF930D50-3296-44D0-B728-6C8DBB3BE85F}.Debug|Win32.ActiveCfg = Debug|Win32
		{EF930D50-3296-44D0-B728-6C8DBB3BE85F}.Debug|Win32.Build.0 = Debug|Win32
		{EF930D50-3296-44D0-B728-6C8DBB3BE85F}.Debug|x64.ActiveCfg = Debug|x64
		{EF930D50-3296-44D0-B728-6C8DBB3BE85F}.Debug|x64.Build.0 = Debug|x64
		{EF930D50-3296-44D0-B728-6C8DBB3BE85F}.Debug|x86.ActiveCfg = Debug|Win32
		{EF930D50-3296-44D0-B728-6C8DBB3BE85F}.Debug|x86.Build.0 = Debug|Win32
		{EF930D50-3296-44D0-B728-6C8DBB3BE85F}.Release|Mixed Platforms.ActiveCfg = Release|Win32
		{EF930D50-3296-44D0-B728-6C8DBB3BE85F}.Release|Mixed Platforms.Build.0 = Release|Win32
		{EF930D50-3296-44D0-B728-6C8DBB3BE85F}.Release|Win32.ActiveCfg = Release|Win32
		{EF930D50-3296-44D0-B728-6C8DBB3BE85F}.Release|Win32.Build.0 = Release|Win32
		{EF930D50-3296-44D0-B728-6C8DBB3BE85F}.Release|x64.ActiveCfg = Release|x64
		{EF930D50-3296-44D0-B728-6C8DBB3BE85F}.Release|x64.Build.0 = Release|x64
		{EF930D50-3296-44D0-B728-6C8DBB3BE85F}.Release|x86.ActiveCfg = Release|Win32
		{EF930D50-3296-44D0-B728-6C8DBB3BE85F}.Release|x86.Build.0 = Release|Win32
		{7C29E7D5-F34B-4011-9BB6-347D25FD7B6F}.Debug|Mixed Platforms.ActiveCfg = Debug|Win32
		{7C29E7D5-F34B-4011-9BB6-347D25FD7B6F}.Debug|Win32.ActiveCfg = Debug|Win32
		{7C29E7D5-F34B-4011-9BB6-347D25FD7B6F}.Debug|Win32.Build.0 = Debug|Win32
		{7C29E7D5-F34B-4011-9BB6-347D25FD7B6F}.Debug|x64.ActiveCfg = Debug|x64
		{7C29E7D5-F34B-4011-9BB6-347D25FD7B6F}.Debug|x64.Build.0 = Debug|x64
		{7C29E7D5-F34B-4011-9BB6-347D25FD7B6F}.Debug|x86.ActiveCfg = Debug|Win32
		{7C29E7D5-F34B-4011-9BB6-347D25FD7B6F}.Debug|x86.Build.0 = Debug|Win32
		{7C29E7D5-F34B-4011-9BB6-347D25FD7B6F}.Release|Mixed Platforms.ActiveCfg = Release|Win32
		{7C29E7D5-F34B-4011-9BB6-347D25FD7B6F}.Release|Win32.ActiveCfg = Release|Win32
		{7C29E7D5-F34B-4011-9BB6-347D25FD7B6F}.Release|Win32.Build.0 = Release|Win32
		{7C29E7D5-F34B-4011-9BB6-347D25FD7B6F}.Release|x64.ActiveCfg = Release|Win32
		{7C29E7D5-F34B-4011-9BB6-347D25FD7B6F}.Release|x86.ActiveCfg = Release|Win32
		{7C29E7D5-F34B-4011-9BB6-347D25FD7B6F}.Release|x86.Build.0 = Release|Win32
		{FCE4876C-FAB4-4D92-84C4-888FBA8EACF9}.Debug|Mixed Platforms.ActiveCfg = Debug|Win32
		{FCE4876C-FAB4-4D92-84C4-888FBA8EACF9}.Debug|Mixed Platforms.Build.0 = Debug|Win32
		{FCE4876C-FAB4-4D92-84C4-888FBA8EACF9}.Debug|Win32.ActiveCfg = Debug|Win32
		{FCE4876C-FAB4-4D92-84C4-888FBA8EACF9}.Debug|Win32.Build.0 = Debug|Win32
		{FCE4876C-FAB4-4D92-84C4-888FBA8EACF9}.Debug|x64.ActiveCfg = Debug|x64
		{FCE4876C-FAB4-4D92-84C4-888FBA8EACF9}.Debug|x64.Build.0 = Debug|x64
		{FCE4876C-FAB4-4D92-84C4-888FBA8EACF9}.Debug|x86.ActiveCfg = Debug|Win32
		{FCE4876C-FAB4-4D92-84C4-888FBA8EACF9}.Debug|x86.Build.0 = Debug|Win32
		{FCE4876C-FAB4-4D92-84C4-888FBA8EACF9}.Release|Mixed Platforms.ActiveCfg = Release|Win32
		{FCE4876C-FAB4-4D92-84C4-888FBA8EACF9}.Release|Mixed Platforms.Build.0 = Release|Win32
		{FCE4876C-FAB4-4D92-84C4-888FBA8EACF9}.Release|Win32.ActiveCfg = Release|Win32
		{FCE4876C-FAB4-4D92-84C4-888FBA8EACF9}.Release|Win32.Build.0 = Release|Win32
		{FCE4876C-FAB4-4D92-84C4-888FBA8EACF9}.Release|x64.ActiveCfg = Release|x64
		{FCE4876C-FAB4-4D92-84C4-888FBA8EACF9}.Release|x64.Build.0 = Release|x64
		{FCE4876C-FAB4-4D92-84C4-888FBA8EACF9}.Release|x86.ActiveCfg = Release|Win32
		{FCE4876C-FAB4-4D92-84C4-888FBA8EACF9}.Release|x86.Build.0 = Release|Win32
		{AE5EF2C0-7521-444F-8798-3607C9563107}.Debug|Mixed Platforms.ActiveCfg = Debug|Win32
		{AE5EF2C0-7521-444F-8798-3607C9563107}.Debug|Mixed Platforms.Build.0 = Debug|Win32
		{AE5EF2C0-7521-444F-8798-3607C9563107}.Debug|Win32.ActiveCfg = Debug|Win32
		{AE5EF2C0-7521-444F-8798-3607C9563107}.Debug|Win32.Build.0 = Debug|Win32
		{AE5EF2C0-7521-444F-8798-3607C9563107}.Debug|x64.ActiveCfg = Debug|x64
		{AE5EF2C0-7521-444F-8798-3607C9563107}.Debug|x64.Build.0 = Debug|x64
		{AE5EF2C0-7521-444F-8798-3607C9563107}.Debug|x86.ActiveCfg = Debug|Win32
		{AE5EF2C0-7521-444F-8798-3607C9563107}.Debug|x86.Build.0 = Debug|Win32
		{AE5EF2C0-7521-444F-8798-3607C9563107}.Release|Mixed Platforms.ActiveCfg = Release|Win32
		{AE5EF2C0-7521-444F-8798-3607C9563107}.Release|Mixed Platforms.Build.0 = Release|Win32
		{AE5EF2C0-7521-444F-8798-3607C9563107}.Release|Win32.ActiveCfg = Release|Win32
		{AE5EF2C0-7521-444F-8798-3607C9563107}.Release|Win32.Build.0 = Release|Win32
		{AE5EF2C0-7521-444F-8798-3607C9563107}.Release|x64.ActiveCfg = Release|x64
		{AE5EF2C0-7521-444F-8798-3607C9563107}.Release|x64.Build.0 = Release|x64
		{AE5EF2C0-7521-444F-8798-3607C9563107}.Release|x86.ActiveCfg = Release|Win32
		{AE5EF2C0-7521-444F-8798-3607C9563107}.Release|x86.Build.0 = Release|Win32
		{1AC78BF9-9212-4E3E-8E85-3FF1D0C72912}.Debug|Mixed Platforms.ActiveCfg = Debug|Win32
		{1AC78BF9-9212-4E3E-8E85-3FF1D0C72912}.Debug|Mixed Platforms.Build.0 = Debug|Win32
		{1AC78BF9-9212-4E3E-8E85-3FF1D0C72912}.Debug|Win32.ActiveCfg = Debug|Win32
		{1AC78BF9-9212-4E3E-8E85-3FF1D0C72912}.Debug|Win32.Build.0 = Debug|Win32
		{1AC78BF9-9212-4E3E-8E85-3FF1D0C72912}.Debug|x64.ActiveCfg = Debug|x64
		{1AC78BF9-9212-4E3E-8E85-3FF1D0C72912}.Debug|x64.Build.0 = Debug|x64
		{1AC78BF9-9212-4E3E-8E85-3FF1D0C72912}.Debug|x86.ActiveCfg = Debug|Win32
		{1AC78BF9-9212-4E3E-8E85-3FF1D0C72912}.Debug|x86.Build.0 = Debug|Win32
		{1AC78BF9-9212-4E3E-8E85-3FF1D0C72912}.Release|Mixed Platforms.ActiveCfg = Release|Win32
		{1AC78BF9-9212-4E3E-8E85-3FF1D0C72912}.Release|Mixed Platforms.Build.0 = Release|Win32
		{1AC78BF9-9212-4E3E-8E85-3FF1D0C72912}.Release|Win32.ActiveCfg = Release|Win32
		{1AC78BF9-9212-4E3E-8E85-3FF1D0C72912}.Release|Win32.Build.0 = Release|Win32
		{1AC78BF9-9212-4E3E-8E85-3FF1D0C72912}.Release|x64.ActiveCfg = Release|x64
		{1AC78BF9-9212-4E3E-8E85-3FF1D0C72912}.Release|x64.Build.0 = Release|x64
		{1AC78BF9-9212-4E3E-8E85-3FF1D0C72912}.Release|x86.ActiveCfg = Release|Win32
		{1AC78BF9-9212-4E3E-8E85-3FF1D0C72912}.Release|x86.Build.0 = Release|Win32
		{FB532D99-0CE6-484E-91E8-06395117EB06}.Debug|Mixed Platforms.ActiveCfg = Debug|Win32
		{FB532D99-0CE6-484E-91E8-06395117EB06}.Debug|Mixed Platforms.Build.0 = Debug|Win32
		{FB532D99-0CE6-484E-91E8-06395117EB06}.Debug|Win32.ActiveCfg = Debug|Win32
		{FB532D99-0CE6-484E-91E8-06395117EB06}.Debug|Win32.Build.0 = Debug|Win32
		{FB532D99-0CE6-484E-91E8-06395117EB06}.Debug|x64.ActiveCfg = Debug|x64
		{FB532D99-0CE6-484E-91E8-06395117EB06}.Debug|x64.Build.0 = Debug|x64
		{FB532D99-0CE6-484E-91E8-06395117EB06}.Debug|x86.ActiveCfg = Debug|Win32
		{FB532D99-0CE6-484E-91E8-06395117EB06}.Debug|x86.Build.0 = Debug|Win32
		{FB532D99-0CE6-484E-91E8-06395117EB06}.Release|Mixed Platforms.ActiveCfg = Release|Win32
		{FB532D99-0CE6-484E-91E8-06395117EB06}.Release|Mixed Platforms.Build.0 = Release|Win32
		{FB532D99-0CE6-484E-91E8-06395117EB06}.Release|Win32.ActiveCfg = Release|Win32
		{FB532D99-0CE6-484E-91E8-06395117EB06}.Release|Win32.Build.0 = Release|Win32
		{FB532D99-0CE6-484E-91E8-06395117EB06}.Release|x64.ActiveCfg = Release|x64
		{FB532D99-0CE6-484E-91E8-06395117EB06}.Release|x64.Build.0 = Release|x64
		{FB532D99-0CE6-484E-91E8-06395117EB06}.Release|x86.ActiveCfg = Release|Win32
		{FB532D99-0CE6-484E-91E8-06395117EB06}.Release|x86.Build.0 = Release|Win32
	EndGlobalSection
	GlobalSection(SolutionProperties) = preSolution
		HideSolutionNode = FALSE
	EndGlobalSection
	GlobalSection(NestedProjects) = preSolution
		{40098EBC-4ABC-43C5-87F1-2EF1D96757F8} = {E15BA426-E3E9-4E2A-BD1F-A03480BFA6F6}
		{72AC92BB-3AD1-4F4D-8DEC-F17080124623} = {E15BA426-E3E9-4E2A-BD1F-A03480BFA6F6}
		{31B26C70-E2E1-4259-B63D-618D876C87D3} = {E15BA426-E3E9-4E2A-BD1F-A03480BFA6F6}
		{F5AF39CD-DC09-4CE5-95D9-2A9E37269DED} = {E15BA426-E3E9-4E2A-BD1F-A03480BFA6F6}
		{E8655136-53BE-4087-87ED-DBFFE7B7973B} = {E15BA426-E3E9-4E2A-BD1F-A03480BFA6F6}
		{8D89919D-F845-4E4D-83EB-72337C94B651} = {E15BA426-E3E9-4E2A-BD1F-A03480BFA6F6}
		{6359DCE2-9826-47B1-8C26-E66B2B03CAA3} = {E15BA426-E3E9-4E2A-BD1F-A03480BFA6F6}
		{D0DE068F-3BF2-4B86-8EA8-5B4D66498C48} = {E15BA426-E3E9-4E2A-BD1F-A03480BFA6F6}
		{52E7ECA7-7D60-44CE-A018-3BB923D44F1C} = {E15BA426-E3E9-4E2A-BD1F-A03480BFA6F6}
		{176DBBB3-1F40-4505-94E2-5D7DA48AB549} = {E15BA426-E3E9-4E2A-BD1F-A03480BFA6F6}
		{947160F0-4EC0-498B-90F3-92B6B0126B6F} = {E15BA426-E3E9-4E2A-BD1F-A03480BFA6F6}
		{DA5846AA-D46E-4A01-9793-6E07537BF067} = {E15BA426-E3E9-4E2A-BD1F-A03480BFA6F6}
		{37BD988E-947A-4FFE-B6D1-286D2D43FCEA} = {B231F1FA-A232-4091-A3CC-6369714FDBB9}
		{02EAAEAC-D290-43EB-8352-6C398B6BFCF8} = {B231F1FA-A232-4091-A3CC-6369714FDBB9}
		{5E0D3A2D-7807-49EC-84FC-F90930FBF3EA} = {9290D3C5-0EDE-4372-B6B9-F0B436E2C5E3}
		{C8800A26-C1A7-4A59-A34E-5CA429F5E32A} = {E15BA426-E3E9-4E2A-BD1F-A03480BFA6F6}
		{CADF8F10-3C59-4292-AD0A-65E4CB3DF291} = {DA872335-B730-42DC-824B-07411BFCE42D}
		{CDC7A7DB-8827-4E5D-818E-CDAB11C2E62B} = {9290D3C5-0EDE-4372-B6B9-F0B436E2C5E3}
		{B27B9CF7-B301-4CA8-B20B-927D7D1667DB} = {E15BA426-E3E9-4E2A-BD1F-A03480BFA6F6}
		{9329DBD0-560D-44CD-A716-5F1DE91EC32A} = {535B0FE1-EFF5-4CB9-B52F-1616AAB29CF3}
		{B5537293-DDDC-4035-B94F-3DC5F5881F0A} = {E15BA426-E3E9-4E2A-BD1F-A03480BFA6F6}
		{84FE02B5-D26F-4FF4-B241-7CFCE63C8491} = {535B0FE1-EFF5-4CB9-B52F-1616AAB29CF3}
		{231DF4DA-80D8-40B1-A75F-27B45C3CAA69} = {535B0FE1-EFF5-4CB9-B52F-1616AAB29CF3}
		{EF930D50-3296-44D0-B728-6C8DBB3BE85F} = {535B0FE1-EFF5-4CB9-B52F-1616AAB29CF3}
		{7C29E7D5-F34B-4011-9BB6-347D25FD7B6F} = {E15BA426-E3E9-4E2A-BD1F-A03480BFA6F6}
		{FCE4876C-FAB4-4D92-84C4-888FBA8EACF9} = {6240BB34-2253-42B9-A6CA-0BE1D3CB7B03}
		{AE5EF2C0-7521-444F-8798-3607C9563107} = {6240BB34-2253-42B9-A6CA-0BE1D3CB7B03}
		{1AC78BF9-9212-4E3E-8E85-3FF1D0C72912} = {535B0FE1-EFF5-4CB9-B52F-1616AAB29CF3}
		{FB532D99-0CE6-484E-91E8-06395117EB06} = {535B0FE1-EFF5-4CB9-B52F-1616AAB29CF3}
	EndGlobalSection
EndGlobal
