<?xml version="1.0" encoding="utf-8"?>
<Project ToolsVersion="4.0" xmlns="http://schemas.microsoft.com/developer/msbuild/2003">
  <ItemGroup>
    <ClCompile Include="..\..\source\gui\widgets\button.cpp">
      <Filter>widgets</Filter>
    </ClCompile>
    <ClCompile Include="..\..\source\gui\widgets\image.cpp">
      <Filter>widgets</Filter>
    </ClCompile>
    <ClCompile Include="..\..\source\gui\widgets\manager.cpp">
      <Filter>widgets</Filter>
    </ClCompile>
    <ClCompile Include="..\..\source\gui\common\widget_render.cpp">
      <Filter>common</Filter>
    </ClCompile>
    <ClCompile Include="..\..\source\gui\widgets\iwidget.cpp">
      <Filter>widgets</Filter>
    </ClCompile>
    <ClCompile Include="..\..\source\gui\common\istyle.cpp">
      <Filter>common</Filter>
    </ClCompile>
    <ClCompile Include="..\..\source\gui\common\istyle_set.cpp">
      <Filter>common</Filter>
    </ClCompile>
    <ClCompile Include="..\..\source\gui\widgets\icontainer_widget.cpp">
      <Filter>widgets</Filter>
    </ClCompile>
  </ItemGroup>
  <ItemGroup>
    <ClInclude Include="..\..\source\gui\widgets\button.h">
      <Filter>widgets</Filter>
    </ClInclude>
    <ClInclude Include="..\..\source\gui\widgets\image.h">
      <Filter>widgets</Filter>
    </ClInclude>
    <ClInclude Include="..\..\source\gui\widgets\manager.h">
      <Filter>widgets</Filter>
    </ClInclude>
    <ClInclude Include="..\..\source\gui\widgets\module.h">
      <Filter>widgets</Filter>
    </ClInclude>
    <ClInclude Include="..\..\source\gui\common\font_manager.h">
      <Filter>common</Filter>
    </ClInclude>
    <ClInclude Include="..\..\source\gui\common\input_device.h">
      <Filter>common</Filter>
    </ClInclude>
    <ClInclude Include="..\..\source\gui\common\module.h">
      <Filter>common</Filter>
    </ClInclude>
    <ClInclude Include="..\..\source\gui\common\picture.h">
      <Filter>common</Filter>
    </ClInclude>
    <ClInclude Include="..\..\source\gui\common\render.h">
      <Filter>common</Filter>
    </ClInclude>
    <ClInclude Include="..\..\source\gui\common\widget_render.h">
      <Filter>common</Filter>
    </ClInclude>
    <ClInclude Include="..\..\source\gui\widgets\iwidget.h">
      <Filter>widgets</Filter>
    </ClInclude>
    <ClInclude Include="..\..\source\gui\common\istyle.h">
      <Filter>common</Filter>
    </ClInclude>
    <ClInclude Include="..\..\source\gui\common\istyle_set.h">
      <Filter>common</Filter>
    </ClInclude>
    <ClInclude Include="..\..\source\gui\widgets\icontainer_widget.h">
      <Filter>widgets</Filter>
    </ClInclude>
  </ItemGroup>
  <ItemGroup>
    <Filter Include="widgets">
      <UniqueIdentifier>{06ddc9b7-a1a8-4b06-9a0e-be6e3c43383e}</UniqueIdentifier>
    </Filter>
    <Filter Include="common">
      <UniqueIdentifier>{b22186c7-280e-4f2e-b9d6-ddf23978dedd}</UniqueIdentifier>
    </Filter>
  </ItemGroup>
</Project>