<?xml version="1.0" encoding="utf-8"?>
<Project ToolsVersion="4.0" xmlns="http://schemas.microsoft.com/developer/msbuild/2003">
  <ItemGroup>
    <ClInclude Include="..\..\source\entities\ishape.h" />
    <ClInclude Include="..\..\source\entities\ibag.h" />
    <ClInclude Include="..\..\source\entities\ilaw.h" />
    <ClInclude Include="..\..\source\entities\ijudgment.h" />
    <ClInclude Include="..\..\source\entities\iactivity_manager.h" />
  </ItemGroup>
  <ItemGroup>
    <ClCompile Include="..\..\source\entities\main.cpp" />
    <ClCompile Include="..\..\source\entities\ilaw.cpp" />
  </ItemGroup>
</Project>