<?xml version="1.0" encoding="utf-8"?>
<Project ToolsVersion="4.0" xmlns="http://schemas.microsoft.com/developer/msbuild/2003">
  <ItemGroup>
    <ClInclude Include="..\..\source\render\error\module.h">
      <Filter>error</Filter>
    </ClInclude>
    <ClInclude Include="..\..\source\render\singlethreaded\module.h">
      <Filter>singlethreaded</Filter>
    </ClInclude>
    <ClInclude Include="..\..\source\render\singlethreaded\render_commands.h">
      <Filter>singlethreaded</Filter>
    </ClInclude>
    <ClInclude Include="..\..\source\render\module.h" />
    <ClInclude Include="..\..\source\render\singlethreaded\render_observer.h">
      <Filter>singlethreaded</Filter>
    </ClInclude>
    <ClInclude Include="..\..\source\render\singlethreaded\irender_observer.h">
      <Filter>singlethreaded</Filter>
    </ClInclude>
    <ClInclude Include="..\..\source\render\singlethreaded\render_cache.h">
      <Filter>singlethreaded</Filter>
    </ClInclude>
    <ClInclude Include="..\..\source\render\singlethreaded\irender_processor.h">
      <Filter>singlethreaded</Filter>
    </ClInclude>
    <ClInclude Include="..\..\source\render\singlethreaded\irender_module.h">
      <Filter>singlethreaded</Filter>
    </ClInclude>
  </ItemGroup>
  <ItemGroup>
    <Filter Include="error">
      <UniqueIdentifier>{2903ef29-af9f-4c7e-b843-18011d3dac08}</UniqueIdentifier>
    </Filter>
    <Filter Include="singlethreaded">
      <UniqueIdentifier>{7ebef340-aa04-4f16-bb18-b92924a6629f}</UniqueIdentifier>
    </Filter>
  </ItemGroup>
  <ItemGroup>
    <ClCompile Include="..\..\source\render\singlethreaded\render_commands.cpp">
      <Filter>singlethreaded</Filter>
    </ClCompile>
    <ClCompile Include="..\..\source\render\singlethreaded\render_observer.cpp">
      <Filter>singlethreaded</Filter>
    </ClCompile>
    <ClCompile Include="..\..\source\render\singlethreaded\irender_module.cpp">
      <Filter>singlethreaded</Filter>
    </ClCompile>
  </ItemGroup>
</Project>