<?xml version="1.0" encoding="utf-8"?>
<Project ToolsVersion="4.0" xmlns="http://schemas.microsoft.com/developer/msbuild/2003">
  <ItemGroup>
    <ClCompile Include="..\..\source\tools\editor\main.cpp" />
    <ClCompile Include="..\..\source\tools\editor\module_manager_impl.cpp" />
    <ClCompile Include="..\..\source\tools\editor\forms\forms.cpp">
      <Filter>forms</Filter>
    </ClCompile>
    <ClCompile Include="..\..\source\tools\editor\common.cpp" />
    <ClCompile Include="..\..\source\tools\editor\editor_main_window.cpp" />
    <ClCompile Include="..\..\source\tools\editor\forms\create_scene_dialog_impl.cpp">
      <Filter>forms</Filter>
    </ClCompile>
    <ClCompile Include="..\..\source\tools\editor\action_manager.cpp" />
    <ClCompile Include="..\..\source\tools\editor\forms\attribute_dialog_impl.cpp">
      <Filter>forms</Filter>
    </ClCompile>
    <ClCompile Include="..\..\source\tools\editor\forms\vec3_float_editor_impl.cpp">
      <Filter>forms</Filter>
    </ClCompile>
    <ClCompile Include="..\..\source\tools\editor\forms\attribute_panel_impl.cpp">
      <Filter>forms</Filter>
    </ClCompile>
    <ClCompile Include="..\..\source\tools\editor\actions.h" />
    <ClCompile Include="..\..\source\tools\editor\actions.cpp" />
    <ClCompile Include="..\..\source\tools\editor\scene_model.cpp" />
    <ClCompile Include="..\..\source\tools\editor\temp\dataview.cpp">
      <Filter>temp</Filter>
    </ClCompile>
    <ClCompile Include="..\..\source\tools\editor\temp\mymodels.cpp">
      <Filter>temp</Filter>
    </ClCompile>
    <ClCompile Include="..\..\source\tools\editor\forms\double_editor_impl.cpp">
      <Filter>forms</Filter>
    </ClCompile>
    <ClCompile Include="..\..\source\tools\editor\forms\EngineModuleManagerAttributePanel.cpp">
      <Filter>forms</Filter>
    </ClCompile>
    <ClCompile Include="..\..\source\tools\editor\forms\float_editor_impl.cpp">
      <Filter>forms</Filter>
    </ClCompile>
    <ClCompile Include="..\..\source\tools\editor\forms\m_attribute_panel_impl.cpp">
      <Filter>forms</Filter>
    </ClCompile>
    <ClCompile Include="..\..\source\tools\editor\forms\mat2_float_editor_impl.cpp">
      <Filter>forms</Filter>
    </ClCompile>
    <ClCompile Include="..\..\source\tools\editor\forms\mat3_float_editor_impl.cpp">
      <Filter>forms</Filter>
    </ClCompile>
    <ClCompile Include="..\..\source\tools\editor\forms\mat4_float_editor_impl.cpp">
      <Filter>forms</Filter>
    </ClCompile>
    <ClCompile Include="..\..\source\tools\editor\forms\quat_float_editor_impl.cpp">
      <Filter>forms</Filter>
    </ClCompile>
    <ClCompile Include="..\..\source\tools\editor\forms\string_editor_impl.cpp">
      <Filter>forms</Filter>
    </ClCompile>
    <ClCompile Include="..\..\source\tools\editor\forms\vec2_float_editor_impl.cpp">
      <Filter>forms</Filter>
    </ClCompile>
    <ClCompile Include="..\..\source\tools\editor\forms\vec4_float_editor_impl.cpp">
      <Filter>forms</Filter>
    </ClCompile>
    <ClCompile Include="..\..\source\tools\editor\forms\bool_editor_impl.cpp">
      <Filter>forms</Filter>
    </ClCompile>
    <ClCompile Include="..\..\source\tools\editor\forms\integer_editor_impl.cpp">
      <Filter>forms</Filter>
    </ClCompile>
  </ItemGroup>
  <ItemGroup>
    <ClInclude Include="..\..\source\tools\editor\module_list.h" />
    <ClInclude Include="..\..\source\tools\editor\forms\forms.h">
      <Filter>forms</Filter>
    </ClInclude>
    <ClInclude Include="..\..\source\tools\editor\common.h" />
    <ClInclude Include="..\..\source\tools\editor\editor_main_window.h" />
    <ClInclude Include="..\..\source\tools\editor\forms\create_scene_dialog_impl.h">
      <Filter>forms</Filter>
    </ClInclude>
    <ClInclude Include="..\..\source\tools\editor\action_manager.h" />
    <ClInclude Include="..\..\source\tools\editor\forms\show_detailed_graph.png.h">
      <Filter>forms</Filter>
    </ClInclude>
    <ClInclude Include="..\..\source\tools\editor\forms\attribute_dialog_impl.h">
      <Filter>forms</Filter>
    </ClInclude>
    <ClInclude Include="..\..\source\tools\editor\forms\vec3_float_editor_impl.h">
      <Filter>forms</Filter>
    </ClInclude>
    <ClInclude Include="..\..\source\tools\editor\forms\attribute_panel_impl.h">
      <Filter>forms</Filter>
    </ClInclude>
    <ClInclude Include="..\..\source\tools\editor\editor_interface.h" />
    <ClInclude Include="..\..\source\tools\editor\scene_model.h" />
    <ClInclude Include="..\..\source\tools\editor\temp\mymodels.h">
      <Filter>temp</Filter>
    </ClInclude>
    <ClInclude Include="..\..\source\tools\editor\forms\double_editor_impl.h">
      <Filter>forms</Filter>
    </ClInclude>
    <ClInclude Include="..\..\source\tools\editor\forms\EngineModuleManagerAttributePanel.h">
      <Filter>forms</Filter>
    </ClInclude>
    <ClInclude Include="..\..\source\tools\editor\forms\float_editor_impl.h">
      <Filter>forms</Filter>
    </ClInclude>
    <ClInclude Include="..\..\source\tools\editor\forms\m_attribute_panel_impl.h">
      <Filter>forms</Filter>
    </ClInclude>
    <ClInclude Include="..\..\source\tools\editor\forms\mat2_float_editor_impl.h">
      <Filter>forms</Filter>
    </ClInclude>
    <ClInclude Include="..\..\source\tools\editor\forms\mat3_float_editor_impl.h">
      <Filter>forms</Filter>
    </ClInclude>
    <ClInclude Include="..\..\source\tools\editor\forms\mat4_float_editor_impl.h">
      <Filter>forms</Filter>
    </ClInclude>
    <ClInclude Include="..\..\source\tools\editor\forms\new_node.png.h">
      <Filter>forms</Filter>
    </ClInclude>
    <ClInclude Include="..\..\source\tools\editor\forms\new_scene.png.h">
      <Filter>forms</Filter>
    </ClInclude>
    <ClInclude Include="..\..\source\tools\editor\forms\opened_folder.png.h">
      <Filter>forms</Filter>
    </ClInclude>
    <ClInclude Include="..\..\source\tools\editor\forms\opened_folder-32.png.h">
      <Filter>forms</Filter>
    </ClInclude>
    <ClInclude Include="..\..\source\tools\editor\forms\quat_float_editor_impl.h">
      <Filter>forms</Filter>
    </ClInclude>
    <ClInclude Include="..\..\source\tools\editor\forms\save.png.h">
      <Filter>forms</Filter>
    </ClInclude>
    <ClInclude Include="..\..\source\tools\editor\forms\show_objects_graph.png.h">
      <Filter>forms</Filter>
    </ClInclude>
    <ClInclude Include="..\..\source\tools\editor\forms\string_editor_impl.h">
      <Filter>forms</Filter>
    </ClInclude>
    <ClInclude Include="..\..\source\tools\editor\forms\vec2_float_editor_impl.h">
      <Filter>forms</Filter>
    </ClInclude>
    <ClInclude Include="..\..\source\tools\editor\forms\vec4_float_editor_impl.h">
      <Filter>forms</Filter>
    </ClInclude>
    <ClInclude Include="..\..\source\tools\editor\forms\bool_editor_impl.h">
      <Filter>forms</Filter>
    </ClInclude>
    <ClInclude Include="..\..\source\tools\editor\forms\integer_editor_impl.h">
      <Filter>forms</Filter>
    </ClInclude>
  </ItemGroup>
  <ItemGroup>
    <Filter Include="forms">
      <UniqueIdentifier>{65226b45-f1a9-4ede-b9bb-75f23eb46d03}</UniqueIdentifier>
    </Filter>
    <Filter Include="temp">
      <UniqueIdentifier>{33b8e25d-4860-45c9-a7da-1533da0f3f5c}</UniqueIdentifier>
    </Filter>
  </ItemGroup>
  <ItemGroup>
    <None Include="..\..\source\tools\editor\temp\null.xpm">
      <Filter>temp</Filter>
    </None>
    <None Include="..\..\source\tools\editor\temp\wx_small.xpm">
      <Filter>temp</Filter>
    </None>
  </ItemGroup>
</Project>