<?xml version="1.0" encoding="utf-8"?>
<Project ToolsVersion="4.0" xmlns="http://schemas.microsoft.com/developer/msbuild/2003">
  <ItemGroup>
    <ClCompile Include="..\..\source\tests\punk_graphics_test\vertex_test.cpp" />
    <ClCompile Include="..\..\source\tests\punk_graphics_test\main.cpp" />
  </ItemGroup>
</Project>